// !$*UTF8*$!
{
	archiveVersion = 1;
	classes = {
	};
	objectVersion = 46;
	objects = {

/* Begin PBXBuildFile section */
		3549BB501DA38A2000C63030 /* MLBootstrap.h in Headers */ = {isa = PBXBuildFile; fileRef = 3549BB181DA3890B00C63030 /* MLBootstrap.h */; settings = {ATTRIBUTES = (Public, ); }; };
		3549BB661DA38ADB00C63030 /* MLBootstrap.framework in Frameworks */ = {isa = PBXBuildFile; fileRef = 3549BB211DA389CD00C63030 /* MLBootstrap.framework */; };
		3549BB8B1DA38C0A00C63030 /* MLBootstrapSpec.swift in Sources */ = {isa = PBXBuildFile; fileRef = 3549BB8A1DA38C0A00C63030 /* MLBootstrapSpec.swift */; };
		359649031FB18CC000FC7ADC /* MLBootstrap.swift in Sources */ = {isa = PBXBuildFile; fileRef = 359649021FB18CBF00FC7ADC /* MLBootstrap.swift */; };
		D07D315522FEEE1A004403D5 /* SF-Pro-Display-Black.otf in Resources */ = {isa = PBXBuildFile; fileRef = D0F3819B21CFABA400662A11 /* SF-Pro-Display-Black.otf */; };
		D07D315622FEEE1A004403D5 /* SF-Pro-Display-BlackItalic.otf in Resources */ = {isa = PBXBuildFile; fileRef = D0F3819C21CFABA400662A11 /* SF-Pro-Display-BlackItalic.otf */; };
		D07D315722FEEE1A004403D5 /* SF-Pro-Display-Bold.otf in Resources */ = {isa = PBXBuildFile; fileRef = D0F3819D21CFABA400662A11 /* SF-Pro-Display-Bold.otf */; };
		D07D315822FEEE1A004403D5 /* SF-Pro-Display-BoldItalic.otf in Resources */ = {isa = PBXBuildFile; fileRef = D0F3819E21CFABA400662A11 /* SF-Pro-Display-BoldItalic.otf */; };
		D07D315922FEEE1A004403D5 /* SF-Pro-Display-Heavy.otf in Resources */ = {isa = PBXBuildFile; fileRef = D0F3819F21CFABA400662A11 /* SF-Pro-Display-Heavy.otf */; };
		D07D315A22FEEE1A004403D5 /* SF-Pro-Display-HeavyItalic.otf in Resources */ = {isa = PBXBuildFile; fileRef = D0F381A021CFABA400662A11 /* SF-Pro-Display-HeavyItalic.otf */; };
		D07D315B22FEEE1A004403D5 /* SF-Pro-Display-Light.otf in Resources */ = {isa = PBXBuildFile; fileRef = D0F381A121CFABA400662A11 /* SF-Pro-Display-Light.otf */; };
		D07D315C22FEEE1A004403D5 /* SF-Pro-Display-LightItalic.otf in Resources */ = {isa = PBXBuildFile; fileRef = D0F381A221CFABA400662A11 /* SF-Pro-Display-LightItalic.otf */; };
		D07D315D22FEEE1A004403D5 /* SF-Pro-Display-Medium.otf in Resources */ = {isa = PBXBuildFile; fileRef = D0F381A321CFABA400662A11 /* SF-Pro-Display-Medium.otf */; };
		D07D315E22FEEE1A004403D5 /* SF-Pro-Display-MediumItalic.otf in Resources */ = {isa = PBXBuildFile; fileRef = D0F381A421CFABA400662A11 /* SF-Pro-Display-MediumItalic.otf */; };
		D07D315F22FEEE1A004403D5 /* SF-Pro-Display-Regular.otf in Resources */ = {isa = PBXBuildFile; fileRef = D0F381A521CFABA400662A11 /* SF-Pro-Display-Regular.otf */; };
		D07D316022FEEE1A004403D5 /* SF-Pro-Display-RegularItalic.otf in Resources */ = {isa = PBXBuildFile; fileRef = D0F381A621CFABA400662A11 /* SF-Pro-Display-RegularItalic.otf */; };
		D07D316122FEEE1A004403D5 /* SF-Pro-Display-Semibold.otf in Resources */ = {isa = PBXBuildFile; fileRef = D0F381A721CFABA400662A11 /* SF-Pro-Display-Semibold.otf */; };
		D07D316222FEEE1A004403D5 /* SF-Pro-Display-SemiboldItalic.otf in Resources */ = {isa = PBXBuildFile; fileRef = D0F381A821CFABA400662A11 /* SF-Pro-Display-SemiboldItalic.otf */; };
		D07D316322FEEE1A004403D5 /* SF-Pro-Display-Thin.otf in Resources */ = {isa = PBXBuildFile; fileRef = D0F381A921CFABA400662A11 /* SF-Pro-Display-Thin.otf */; };
		D07D316422FEEE1A004403D5 /* SF-Pro-Display-ThinItalic.otf in Resources */ = {isa = PBXBuildFile; fileRef = D0F381AA21CFABA400662A11 /* SF-Pro-Display-ThinItalic.otf */; };
		D07D316522FEEE1A004403D5 /* SF-Pro-Display-Ultralight.otf in Resources */ = {isa = PBXBuildFile; fileRef = D0F381AB21CFABA400662A11 /* SF-Pro-Display-Ultralight.otf */; };
		D07D316622FEEE1A004403D5 /* SF-Pro-Display-UltralightItalic.otf in Resources */ = {isa = PBXBuildFile; fileRef = D0F381AC21CFABA400662A11 /* SF-Pro-Display-UltralightItalic.otf */; };
		D07D316722FEEE1A004403D5 /* SF-Pro-Text-Bold.otf in Resources */ = {isa = PBXBuildFile; fileRef = D0F381AD21CFABA400662A11 /* SF-Pro-Text-Bold.otf */; };
		D07D316822FEEE1A004403D5 /* SF-Pro-Text-BoldItalic.otf in Resources */ = {isa = PBXBuildFile; fileRef = D0F381AE21CFABA400662A11 /* SF-Pro-Text-BoldItalic.otf */; };
		D07D316922FEEE1A004403D5 /* SF-Pro-Text-Heavy.otf in Resources */ = {isa = PBXBuildFile; fileRef = D0F381AF21CFABA400662A11 /* SF-Pro-Text-Heavy.otf */; };
		D07D316A22FEEE1A004403D5 /* SF-Pro-Text-HeavyItalic.otf in Resources */ = {isa = PBXBuildFile; fileRef = D0F381B021CFABA400662A11 /* SF-Pro-Text-HeavyItalic.otf */; };
		D07D316B22FEEE1A004403D5 /* SF-Pro-Text-Light.otf in Resources */ = {isa = PBXBuildFile; fileRef = D0F381B121CFABA400662A11 /* SF-Pro-Text-Light.otf */; };
		D07D316C22FEEE1A004403D5 /* SF-Pro-Text-LightItalic.otf in Resources */ = {isa = PBXBuildFile; fileRef = D0F381B221CFABA400662A11 /* SF-Pro-Text-LightItalic.otf */; };
		D07D316D22FEEE1A004403D5 /* SF-Pro-Text-Medium.otf in Resources */ = {isa = PBXBuildFile; fileRef = D0F381B321CFABA400662A11 /* SF-Pro-Text-Medium.otf */; };
		D07D316E22FEEE1A004403D5 /* SF-Pro-Text-MediumItalic.otf in Resources */ = {isa = PBXBuildFile; fileRef = D0F381B421CFABA400662A11 /* SF-Pro-Text-MediumItalic.otf */; };
		D07D316F22FEEE1A004403D5 /* SF-Pro-Text-Regular.otf in Resources */ = {isa = PBXBuildFile; fileRef = D0F381B521CFABA400662A11 /* SF-Pro-Text-Regular.otf */; };
		D07D317022FEEE1A004403D5 /* SF-Pro-Text-RegularItalic.otf in Resources */ = {isa = PBXBuildFile; fileRef = D0F381B621CFABA400662A11 /* SF-Pro-Text-RegularItalic.otf */; };
		D07D317122FEEE1A004403D5 /* SF-Pro-Text-Semibold.otf in Resources */ = {isa = PBXBuildFile; fileRef = D0F381B721CFABA400662A11 /* SF-Pro-Text-Semibold.otf */; };
		D07D317222FEEE1A004403D5 /* SF-Pro-Text-SemiboldItalic.otf in Resources */ = {isa = PBXBuildFile; fileRef = D0F381B821CFABA400662A11 /* SF-Pro-Text-SemiboldItalic.otf */; };
		D09102FC2308BE5800EC5D45 /* MLSimpleButton.swift in Sources */ = {isa = PBXBuildFile; fileRef = D09102FB2308BE5800EC5D45 /* MLSimpleButton.swift */; };
		D0B862E922FA6FDA002E9FB4 /* DateUtils.swift in Sources */ = {isa = PBXBuildFile; fileRef = D0B862E822FA6FDA002E9FB4 /* DateUtils.swift */; };
		D0B862EB22FA7063002E9FB4 /* RuntimeUtils.swift in Sources */ = {isa = PBXBuildFile; fileRef = D0B862EA22FA7063002E9FB4 /* RuntimeUtils.swift */; };
		D0B862ED22FA70B9002E9FB4 /* DevUtils.swift in Sources */ = {isa = PBXBuildFile; fileRef = D0B862EC22FA70B9002E9FB4 /* DevUtils.swift */; };
		D0B862EF22FA70F3002E9FB4 /* MLImages.swift in Sources */ = {isa = PBXBuildFile; fileRef = D0B862EE22FA70F3002E9FB4 /* MLImages.swift */; };
		D0F3818521CC5DB100662A11 /* MLLabel.swift in Sources */ = {isa = PBXBuildFile; fileRef = D0F3818421CC5DB100662A11 /* MLLabel.swift */; };
		D0F3818721CC5F7300662A11 /* MLButton.swift in Sources */ = {isa = PBXBuildFile; fileRef = D0F3818621CC5F7300662A11 /* MLButton.swift */; };
		D0F3818921CC60BB00662A11 /* MLField.swift in Sources */ = {isa = PBXBuildFile; fileRef = D0F3818821CC60BB00662A11 /* MLField.swift */; };
		D0F3818B21CC652100662A11 /* MLBootstrapSkin.swift in Sources */ = {isa = PBXBuildFile; fileRef = D0F3818A21CC652100662A11 /* MLBootstrapSkin.swift */; };
		D0F3818D21CC67B700662A11 /* MLColorPallet.swift in Sources */ = {isa = PBXBuildFile; fileRef = D0F3818C21CC67B700662A11 /* MLColorPallet.swift */; };
		D0F3818F21CC681A00662A11 /* UIColor+Hex.swift in Sources */ = {isa = PBXBuildFile; fileRef = D0F3818E21CC681A00662A11 /* UIColor+Hex.swift */; };
		D0F3819421CC68A500662A11 /* MLMath.swift in Sources */ = {isa = PBXBuildFile; fileRef = D0F3819221CC68A500662A11 /* MLMath.swift */; };
		D0F3819521CC68A500662A11 /* ClosureAttach.swift in Sources */ = {isa = PBXBuildFile; fileRef = D0F3819321CC68A500662A11 /* ClosureAttach.swift */; };
		D0F3819721CC697600662A11 /* UIControl+addAction.swift in Sources */ = {isa = PBXBuildFile; fileRef = D0F3819621CC697600662A11 /* UIControl+addAction.swift */; };
		D0F3823221CFAC4500662A11 /* MLFonts.swift in Sources */ = {isa = PBXBuildFile; fileRef = D0F3823121CFAC4500662A11 /* MLFonts.swift */; };
		D0F3823721CFAE6B00662A11 /* MLSizes.swift in Sources */ = {isa = PBXBuildFile; fileRef = D0F3823621CFAE6B00662A11 /* MLSizes.swift */; };
		D0F3823D21CFB34700662A11 /* MLViewConfiguration.swift in Sources */ = {isa = PBXBuildFile; fileRef = D0F3823C21CFB34700662A11 /* MLViewConfiguration.swift */; };
		D0F3824321CFB54300662A11 /* UIView+constraint.swift in Sources */ = {isa = PBXBuildFile; fileRef = D0F3824221CFB54300662A11 /* UIView+constraint.swift */; };
		D0F3824821CFB55300662A11 /* AutoLayout+Extensions.swift in Sources */ = {isa = PBXBuildFile; fileRef = D0F3824721CFB55200662A11 /* AutoLayout+Extensions.swift */; };
		D0F3824D21CFB57E00662A11 /* String+heightWithConstrainedWidth.swift in Sources */ = {isa = PBXBuildFile; fileRef = D0F3824C21CFB57E00662A11 /* String+heightWithConstrainedWidth.swift */; };
		D0F3825221CFB58E00662A11 /* UIView+tapGesture.swift in Sources */ = {isa = PBXBuildFile; fileRef = D0F3825121CFB58D00662A11 /* UIView+tapGesture.swift */; };
		D0F3825721CFB5A300662A11 /* String+Extensions.swift in Sources */ = {isa = PBXBuildFile; fileRef = D0F3825621CFB5A300662A11 /* String+Extensions.swift */; };
		D0F3825C21CFB5AC00662A11 /* String+toCamelCase.swift in Sources */ = {isa = PBXBuildFile; fileRef = D0F3825B21CFB5AC00662A11 /* String+toCamelCase.swift */; };
		D0F3826121CFB5B400662A11 /* String+Character.swift in Sources */ = {isa = PBXBuildFile; fileRef = D0F3826021CFB5B400662A11 /* String+Character.swift */; };
/* End PBXBuildFile section */

/* Begin PBXContainerItemProxy section */
		3549BB671DA38ADB00C63030 /* PBXContainerItemProxy */ = {
			isa = PBXContainerItemProxy;
			containerPortal = 3549BAFC1DA387DB00C63030 /* Project object */;
			proxyType = 1;
			remoteGlobalIDString = 3549BB201DA389CD00C63030;
			remoteInfo = "MLBootstrap-iOS";
		};
/* End PBXContainerItemProxy section */

/* Begin PBXCopyFilesBuildPhase section */
		35B7422C1F82A2C700829B21 /* Embed Frameworks */ = {
			isa = PBXCopyFilesBuildPhase;
			buildActionMask = 2147483647;
			dstPath = "";
			dstSubfolderSpec = 10;
			files = (
			);
			name = "Embed Frameworks";
			runOnlyForDeploymentPostprocessing = 0;
		};
/* End PBXCopyFilesBuildPhase section */

/* Begin PBXFileReference section */
		3549BB171DA3890B00C63030 /* Info.plist */ = {isa = PBXFileReference; fileEncoding = 4; lastKnownFileType = text.plist.xml; path = Info.plist; sourceTree = "<group>"; };
		3549BB181DA3890B00C63030 /* MLBootstrap.h */ = {isa = PBXFileReference; fileEncoding = 4; lastKnownFileType = sourcecode.c.h; path = MLBootstrap.h; sourceTree = "<group>"; };
		3549BB211DA389CD00C63030 /* MLBootstrap.framework */ = {isa = PBXFileReference; explicitFileType = wrapper.framework; includeInIndex = 0; path = MLBootstrap.framework; sourceTree = BUILT_PRODUCTS_DIR; };
		3549BB551DA38A5E00C63030 /* Info-tvOS.plist */ = {isa = PBXFileReference; fileEncoding = 4; lastKnownFileType = text.plist.xml; path = "Info-tvOS.plist"; sourceTree = "<group>"; };
		3549BB581DA38A8800C63030 /* Info.plist */ = {isa = PBXFileReference; fileEncoding = 4; lastKnownFileType = text.plist.xml; path = Info.plist; sourceTree = "<group>"; };
		3549BB611DA38ADB00C63030 /* MLBootstrapTests-iOS.xctest */ = {isa = PBXFileReference; explicitFileType = wrapper.cfbundle; includeInIndex = 0; path = "MLBootstrapTests-iOS.xctest"; sourceTree = BUILT_PRODUCTS_DIR; };
		3549BB8A1DA38C0A00C63030 /* MLBootstrapSpec.swift */ = {isa = PBXFileReference; fileEncoding = 4; lastKnownFileType = sourcecode.swift; path = MLBootstrapSpec.swift; sourceTree = "<group>"; };
		359649021FB18CBF00FC7ADC /* MLBootstrap.swift */ = {isa = PBXFileReference; fileEncoding = 4; lastKnownFileType = sourcecode.swift; path = MLBootstrap.swift; sourceTree = "<group>"; };
		D03A142021E416E700C0988E /* Info.plist */ = {isa = PBXFileReference; lastKnownFileType = text.plist.xml; path = Info.plist; sourceTree = "<group>"; };
		D09102FB2308BE5800EC5D45 /* MLSimpleButton.swift */ = {isa = PBXFileReference; lastKnownFileType = sourcecode.swift; path = MLSimpleButton.swift; sourceTree = "<group>"; };
		D0B862E822FA6FDA002E9FB4 /* DateUtils.swift */ = {isa = PBXFileReference; lastKnownFileType = sourcecode.swift; path = DateUtils.swift; sourceTree = "<group>"; };
		D0B862EA22FA7063002E9FB4 /* RuntimeUtils.swift */ = {isa = PBXFileReference; lastKnownFileType = sourcecode.swift; path = RuntimeUtils.swift; sourceTree = "<group>"; };
		D0B862EC22FA70B9002E9FB4 /* DevUtils.swift */ = {isa = PBXFileReference; lastKnownFileType = sourcecode.swift; path = DevUtils.swift; sourceTree = "<group>"; };
		D0B862EE22FA70F3002E9FB4 /* MLImages.swift */ = {isa = PBXFileReference; lastKnownFileType = sourcecode.swift; path = MLImages.swift; sourceTree = "<group>"; };
		D0F3818421CC5DB100662A11 /* MLLabel.swift */ = {isa = PBXFileReference; lastKnownFileType = sourcecode.swift; path = MLLabel.swift; sourceTree = "<group>"; };
		D0F3818621CC5F7300662A11 /* MLButton.swift */ = {isa = PBXFileReference; lastKnownFileType = sourcecode.swift; path = MLButton.swift; sourceTree = "<group>"; };
		D0F3818821CC60BB00662A11 /* MLField.swift */ = {isa = PBXFileReference; lastKnownFileType = sourcecode.swift; path = MLField.swift; sourceTree = "<group>"; };
		D0F3818A21CC652100662A11 /* MLBootstrapSkin.swift */ = {isa = PBXFileReference; lastKnownFileType = sourcecode.swift; path = MLBootstrapSkin.swift; sourceTree = "<group>"; };
		D0F3818C21CC67B700662A11 /* MLColorPallet.swift */ = {isa = PBXFileReference; lastKnownFileType = sourcecode.swift; path = MLColorPallet.swift; sourceTree = "<group>"; };
		D0F3818E21CC681A00662A11 /* UIColor+Hex.swift */ = {isa = PBXFileReference; fileEncoding = 4; lastKnownFileType = sourcecode.swift; path = "UIColor+Hex.swift"; sourceTree = "<group>"; };
		D0F3819221CC68A500662A11 /* MLMath.swift */ = {isa = PBXFileReference; fileEncoding = 4; lastKnownFileType = sourcecode.swift; path = MLMath.swift; sourceTree = "<group>"; };
		D0F3819321CC68A500662A11 /* ClosureAttach.swift */ = {isa = PBXFileReference; fileEncoding = 4; lastKnownFileType = sourcecode.swift; path = ClosureAttach.swift; sourceTree = "<group>"; };
		D0F3819621CC697600662A11 /* UIControl+addAction.swift */ = {isa = PBXFileReference; fileEncoding = 4; lastKnownFileType = sourcecode.swift; path = "UIControl+addAction.swift"; sourceTree = "<group>"; };
		D0F3819B21CFABA400662A11 /* SF-Pro-Display-Black.otf */ = {isa = PBXFileReference; lastKnownFileType = file; path = "SF-Pro-Display-Black.otf"; sourceTree = "<group>"; };
		D0F3819C21CFABA400662A11 /* SF-Pro-Display-BlackItalic.otf */ = {isa = PBXFileReference; lastKnownFileType = file; path = "SF-Pro-Display-BlackItalic.otf"; sourceTree = "<group>"; };
		D0F3819D21CFABA400662A11 /* SF-Pro-Display-Bold.otf */ = {isa = PBXFileReference; lastKnownFileType = file; path = "SF-Pro-Display-Bold.otf"; sourceTree = "<group>"; };
		D0F3819E21CFABA400662A11 /* SF-Pro-Display-BoldItalic.otf */ = {isa = PBXFileReference; lastKnownFileType = file; path = "SF-Pro-Display-BoldItalic.otf"; sourceTree = "<group>"; };
		D0F3819F21CFABA400662A11 /* SF-Pro-Display-Heavy.otf */ = {isa = PBXFileReference; lastKnownFileType = file; path = "SF-Pro-Display-Heavy.otf"; sourceTree = "<group>"; };
		D0F381A021CFABA400662A11 /* SF-Pro-Display-HeavyItalic.otf */ = {isa = PBXFileReference; lastKnownFileType = file; path = "SF-Pro-Display-HeavyItalic.otf"; sourceTree = "<group>"; };
		D0F381A121CFABA400662A11 /* SF-Pro-Display-Light.otf */ = {isa = PBXFileReference; lastKnownFileType = file; path = "SF-Pro-Display-Light.otf"; sourceTree = "<group>"; };
		D0F381A221CFABA400662A11 /* SF-Pro-Display-LightItalic.otf */ = {isa = PBXFileReference; lastKnownFileType = file; path = "SF-Pro-Display-LightItalic.otf"; sourceTree = "<group>"; };
		D0F381A321CFABA400662A11 /* SF-Pro-Display-Medium.otf */ = {isa = PBXFileReference; lastKnownFileType = file; path = "SF-Pro-Display-Medium.otf"; sourceTree = "<group>"; };
		D0F381A421CFABA400662A11 /* SF-Pro-Display-MediumItalic.otf */ = {isa = PBXFileReference; lastKnownFileType = file; path = "SF-Pro-Display-MediumItalic.otf"; sourceTree = "<group>"; };
		D0F381A521CFABA400662A11 /* SF-Pro-Display-Regular.otf */ = {isa = PBXFileReference; lastKnownFileType = file; path = "SF-Pro-Display-Regular.otf"; sourceTree = "<group>"; };
		D0F381A621CFABA400662A11 /* SF-Pro-Display-RegularItalic.otf */ = {isa = PBXFileReference; lastKnownFileType = file; path = "SF-Pro-Display-RegularItalic.otf"; sourceTree = "<group>"; };
		D0F381A721CFABA400662A11 /* SF-Pro-Display-Semibold.otf */ = {isa = PBXFileReference; lastKnownFileType = file; path = "SF-Pro-Display-Semibold.otf"; sourceTree = "<group>"; };
		D0F381A821CFABA400662A11 /* SF-Pro-Display-SemiboldItalic.otf */ = {isa = PBXFileReference; lastKnownFileType = file; path = "SF-Pro-Display-SemiboldItalic.otf"; sourceTree = "<group>"; };
		D0F381A921CFABA400662A11 /* SF-Pro-Display-Thin.otf */ = {isa = PBXFileReference; lastKnownFileType = file; path = "SF-Pro-Display-Thin.otf"; sourceTree = "<group>"; };
		D0F381AA21CFABA400662A11 /* SF-Pro-Display-ThinItalic.otf */ = {isa = PBXFileReference; lastKnownFileType = file; path = "SF-Pro-Display-ThinItalic.otf"; sourceTree = "<group>"; };
		D0F381AB21CFABA400662A11 /* SF-Pro-Display-Ultralight.otf */ = {isa = PBXFileReference; lastKnownFileType = file; path = "SF-Pro-Display-Ultralight.otf"; sourceTree = "<group>"; };
		D0F381AC21CFABA400662A11 /* SF-Pro-Display-UltralightItalic.otf */ = {isa = PBXFileReference; lastKnownFileType = file; path = "SF-Pro-Display-UltralightItalic.otf"; sourceTree = "<group>"; };
		D0F381AD21CFABA400662A11 /* SF-Pro-Text-Bold.otf */ = {isa = PBXFileReference; lastKnownFileType = file; path = "SF-Pro-Text-Bold.otf"; sourceTree = "<group>"; };
		D0F381AE21CFABA400662A11 /* SF-Pro-Text-BoldItalic.otf */ = {isa = PBXFileReference; lastKnownFileType = file; path = "SF-Pro-Text-BoldItalic.otf"; sourceTree = "<group>"; };
		D0F381AF21CFABA400662A11 /* SF-Pro-Text-Heavy.otf */ = {isa = PBXFileReference; lastKnownFileType = file; path = "SF-Pro-Text-Heavy.otf"; sourceTree = "<group>"; };
		D0F381B021CFABA400662A11 /* SF-Pro-Text-HeavyItalic.otf */ = {isa = PBXFileReference; lastKnownFileType = file; path = "SF-Pro-Text-HeavyItalic.otf"; sourceTree = "<group>"; };
		D0F381B121CFABA400662A11 /* SF-Pro-Text-Light.otf */ = {isa = PBXFileReference; lastKnownFileType = file; path = "SF-Pro-Text-Light.otf"; sourceTree = "<group>"; };
		D0F381B221CFABA400662A11 /* SF-Pro-Text-LightItalic.otf */ = {isa = PBXFileReference; lastKnownFileType = file; path = "SF-Pro-Text-LightItalic.otf"; sourceTree = "<group>"; };
		D0F381B321CFABA400662A11 /* SF-Pro-Text-Medium.otf */ = {isa = PBXFileReference; lastKnownFileType = file; path = "SF-Pro-Text-Medium.otf"; sourceTree = "<group>"; };
		D0F381B421CFABA400662A11 /* SF-Pro-Text-MediumItalic.otf */ = {isa = PBXFileReference; lastKnownFileType = file; path = "SF-Pro-Text-MediumItalic.otf"; sourceTree = "<group>"; };
		D0F381B521CFABA400662A11 /* SF-Pro-Text-Regular.otf */ = {isa = PBXFileReference; lastKnownFileType = file; path = "SF-Pro-Text-Regular.otf"; sourceTree = "<group>"; };
		D0F381B621CFABA400662A11 /* SF-Pro-Text-RegularItalic.otf */ = {isa = PBXFileReference; lastKnownFileType = file; path = "SF-Pro-Text-RegularItalic.otf"; sourceTree = "<group>"; };
		D0F381B721CFABA400662A11 /* SF-Pro-Text-Semibold.otf */ = {isa = PBXFileReference; lastKnownFileType = file; path = "SF-Pro-Text-Semibold.otf"; sourceTree = "<group>"; };
		D0F381B821CFABA400662A11 /* SF-Pro-Text-SemiboldItalic.otf */ = {isa = PBXFileReference; lastKnownFileType = file; path = "SF-Pro-Text-SemiboldItalic.otf"; sourceTree = "<group>"; };
		D0F3823121CFAC4500662A11 /* MLFonts.swift */ = {isa = PBXFileReference; lastKnownFileType = sourcecode.swift; path = MLFonts.swift; sourceTree = "<group>"; };
		D0F3823621CFAE6B00662A11 /* MLSizes.swift */ = {isa = PBXFileReference; lastKnownFileType = sourcecode.swift; path = MLSizes.swift; sourceTree = "<group>"; };
		D0F3823C21CFB34700662A11 /* MLViewConfiguration.swift */ = {isa = PBXFileReference; lastKnownFileType = sourcecode.swift; path = MLViewConfiguration.swift; sourceTree = "<group>"; };
		D0F3824221CFB54300662A11 /* UIView+constraint.swift */ = {isa = PBXFileReference; fileEncoding = 4; lastKnownFileType = sourcecode.swift; path = "UIView+constraint.swift"; sourceTree = "<group>"; };
		D0F3824721CFB55200662A11 /* AutoLayout+Extensions.swift */ = {isa = PBXFileReference; fileEncoding = 4; lastKnownFileType = sourcecode.swift; path = "AutoLayout+Extensions.swift"; sourceTree = "<group>"; };
		D0F3824C21CFB57E00662A11 /* String+heightWithConstrainedWidth.swift */ = {isa = PBXFileReference; fileEncoding = 4; lastKnownFileType = sourcecode.swift; path = "String+heightWithConstrainedWidth.swift"; sourceTree = "<group>"; };
		D0F3825121CFB58D00662A11 /* UIView+tapGesture.swift */ = {isa = PBXFileReference; fileEncoding = 4; lastKnownFileType = sourcecode.swift; path = "UIView+tapGesture.swift"; sourceTree = "<group>"; };
		D0F3825621CFB5A300662A11 /* String+Extensions.swift */ = {isa = PBXFileReference; fileEncoding = 4; lastKnownFileType = sourcecode.swift; path = "String+Extensions.swift"; sourceTree = "<group>"; };
		D0F3825B21CFB5AC00662A11 /* String+toCamelCase.swift */ = {isa = PBXFileReference; fileEncoding = 4; lastKnownFileType = sourcecode.swift; path = "String+toCamelCase.swift"; sourceTree = "<group>"; };
		D0F3826021CFB5B400662A11 /* String+Character.swift */ = {isa = PBXFileReference; fileEncoding = 4; lastKnownFileType = sourcecode.swift; path = "String+Character.swift"; sourceTree = "<group>"; };
/* End PBXFileReference section */

/* Begin PBXFrameworksBuildPhase section */
		3549BB1D1DA389CD00C63030 /* Frameworks */ = {
			isa = PBXFrameworksBuildPhase;
			buildActionMask = 2147483647;
			files = (
			);
			runOnlyForDeploymentPostprocessing = 0;
		};
		3549BB5E1DA38ADB00C63030 /* Frameworks */ = {
			isa = PBXFrameworksBuildPhase;
			buildActionMask = 2147483647;
			files = (
				3549BB661DA38ADB00C63030 /* MLBootstrap.framework in Frameworks */,
			);
			runOnlyForDeploymentPostprocessing = 0;
		};
/* End PBXFrameworksBuildPhase section */

/* Begin PBXGroup section */
		3549BAFB1DA387DB00C63030 = {
			isa = PBXGroup;
			children = (
				D0F3826621CFC30200662A11 /* Resources */,
				3549BB161DA3890B00C63030 /* Sources */,
				3549BB191DA3890B00C63030 /* Tests */,
				D03A141F21E416E700C0988E /* MLBootstrapFonts */,
				3549BB061DA387DB00C63030 /* Products */,
				357D954B1DA3F2B400AEC55F /* Frameworks */,
			);
			sourceTree = "<group>";
		};
		3549BB061DA387DB00C63030 /* Products */ = {
			isa = PBXGroup;
			children = (
				3549BB211DA389CD00C63030 /* MLBootstrap.framework */,
				3549BB611DA38ADB00C63030 /* MLBootstrapTests-iOS.xctest */,
			);
			name = Products;
			sourceTree = "<group>";
		};
		3549BB161DA3890B00C63030 /* Sources */ = {
			isa = PBXGroup;
			children = (
				359649011FB18CBF00FC7ADC /* Core */,
				3549BB541DA38A4000C63030 /* Supporting Files */,
			);
			path = Sources;
			sourceTree = "<group>";
		};
		3549BB191DA3890B00C63030 /* Tests */ = {
			isa = PBXGroup;
			children = (
				3549BB8A1DA38C0A00C63030 /* MLBootstrapSpec.swift */,
				3549BB5B1DA38A8C00C63030 /* Supporting Files */,
			);
			path = Tests;
			sourceTree = "<group>";
		};
		3549BB541DA38A4000C63030 /* Supporting Files */ = {
			isa = PBXGroup;
			children = (
				3549BB181DA3890B00C63030 /* MLBootstrap.h */,
				3549BB171DA3890B00C63030 /* Info.plist */,
				3549BB551DA38A5E00C63030 /* Info-tvOS.plist */,
			);
			name = "Supporting Files";
			sourceTree = "<group>";
		};
		3549BB5B1DA38A8C00C63030 /* Supporting Files */ = {
			isa = PBXGroup;
			children = (
				3549BB581DA38A8800C63030 /* Info.plist */,
			);
			name = "Supporting Files";
			sourceTree = "<group>";
		};
		357D954B1DA3F2B400AEC55F /* Frameworks */ = {
			isa = PBXGroup;
			children = (
			);
			name = Frameworks;
			sourceTree = "<group>";
		};
		359649011FB18CBF00FC7ADC /* Core */ = {
			isa = PBXGroup;
			children = (
				D0F3824121CFB53900662A11 /* Layout */,
				D0F3823B21CFB1ED00662A11 /* Components */,
				D0F3819821CC6F0800662A11 /* Skins */,
				D0F3819021CC682300662A11 /* Extensions */,
				D0F3819121CC686D00662A11 /* Utils */,
				359649021FB18CBF00FC7ADC /* MLBootstrap.swift */,
			);
			path = Core;
			sourceTree = "<group>";
		};
		D03A141F21E416E700C0988E /* MLBootstrapFonts */ = {
			isa = PBXGroup;
			children = (
				D03A142021E416E700C0988E /* Info.plist */,
			);
			path = MLBootstrapFonts;
			sourceTree = "<group>";
		};
		D0F3819021CC682300662A11 /* Extensions */ = {
			isa = PBXGroup;
			children = (
				D0F3826521CFB5BF00662A11 /* String */,
				D0F3818E21CC681A00662A11 /* UIColor+Hex.swift */,
				D0F3819621CC697600662A11 /* UIControl+addAction.swift */,
				D0F3825121CFB58D00662A11 /* UIView+tapGesture.swift */,
			);
			path = Extensions;
			sourceTree = "<group>";
		};
		D0F3819121CC686D00662A11 /* Utils */ = {
			isa = PBXGroup;
			children = (
				D0F3819321CC68A500662A11 /* ClosureAttach.swift */,
				D0F3819221CC68A500662A11 /* MLMath.swift */,
				D0B862E822FA6FDA002E9FB4 /* DateUtils.swift */,
				D0B862EA22FA7063002E9FB4 /* RuntimeUtils.swift */,
				D0B862EC22FA70B9002E9FB4 /* DevUtils.swift */,
			);
			path = Utils;
			sourceTree = "<group>";
		};
		D0F3819821CC6F0800662A11 /* Skins */ = {
			isa = PBXGroup;
			children = (
				D0F3818A21CC652100662A11 /* MLBootstrapSkin.swift */,
				D0F3818C21CC67B700662A11 /* MLColorPallet.swift */,
				D0F3823121CFAC4500662A11 /* MLFonts.swift */,
				D0B862EE22FA70F3002E9FB4 /* MLImages.swift */,
				D0F3823621CFAE6B00662A11 /* MLSizes.swift */,
			);
			path = Skins;
			sourceTree = "<group>";
		};
		D0F3819921CFA93200662A11 /* Fonts */ = {
			isa = PBXGroup;
			children = (
				D0F3819A21CFABA400662A11 /* SF-Pro */,
			);
			path = Fonts;
			sourceTree = "<group>";
		};
		D0F3819A21CFABA400662A11 /* SF-Pro */ = {
			isa = PBXGroup;
			children = (
				D0F3819B21CFABA400662A11 /* SF-Pro-Display-Black.otf */,
				D0F3819C21CFABA400662A11 /* SF-Pro-Display-BlackItalic.otf */,
				D0F3819D21CFABA400662A11 /* SF-Pro-Display-Bold.otf */,
				D0F3819E21CFABA400662A11 /* SF-Pro-Display-BoldItalic.otf */,
				D0F3819F21CFABA400662A11 /* SF-Pro-Display-Heavy.otf */,
				D0F381A021CFABA400662A11 /* SF-Pro-Display-HeavyItalic.otf */,
				D0F381A121CFABA400662A11 /* SF-Pro-Display-Light.otf */,
				D0F381A221CFABA400662A11 /* SF-Pro-Display-LightItalic.otf */,
				D0F381A321CFABA400662A11 /* SF-Pro-Display-Medium.otf */,
				D0F381A421CFABA400662A11 /* SF-Pro-Display-MediumItalic.otf */,
				D0F381A521CFABA400662A11 /* SF-Pro-Display-Regular.otf */,
				D0F381A621CFABA400662A11 /* SF-Pro-Display-RegularItalic.otf */,
				D0F381A721CFABA400662A11 /* SF-Pro-Display-Semibold.otf */,
				D0F381A821CFABA400662A11 /* SF-Pro-Display-SemiboldItalic.otf */,
				D0F381A921CFABA400662A11 /* SF-Pro-Display-Thin.otf */,
				D0F381AA21CFABA400662A11 /* SF-Pro-Display-ThinItalic.otf */,
				D0F381AB21CFABA400662A11 /* SF-Pro-Display-Ultralight.otf */,
				D0F381AC21CFABA400662A11 /* SF-Pro-Display-UltralightItalic.otf */,
				D0F381AD21CFABA400662A11 /* SF-Pro-Text-Bold.otf */,
				D0F381AE21CFABA400662A11 /* SF-Pro-Text-BoldItalic.otf */,
				D0F381AF21CFABA400662A11 /* SF-Pro-Text-Heavy.otf */,
				D0F381B021CFABA400662A11 /* SF-Pro-Text-HeavyItalic.otf */,
				D0F381B121CFABA400662A11 /* SF-Pro-Text-Light.otf */,
				D0F381B221CFABA400662A11 /* SF-Pro-Text-LightItalic.otf */,
				D0F381B321CFABA400662A11 /* SF-Pro-Text-Medium.otf */,
				D0F381B421CFABA400662A11 /* SF-Pro-Text-MediumItalic.otf */,
				D0F381B521CFABA400662A11 /* SF-Pro-Text-Regular.otf */,
				D0F381B621CFABA400662A11 /* SF-Pro-Text-RegularItalic.otf */,
				D0F381B721CFABA400662A11 /* SF-Pro-Text-Semibold.otf */,
				D0F381B821CFABA400662A11 /* SF-Pro-Text-SemiboldItalic.otf */,
			);
			path = "SF-Pro";
			sourceTree = "<group>";
		};
		D0F3823B21CFB1ED00662A11 /* Components */ = {
			isa = PBXGroup;
			children = (
				D0F3818621CC5F7300662A11 /* MLButton.swift */,
				D0F3818821CC60BB00662A11 /* MLField.swift */,
				D0F3818421CC5DB100662A11 /* MLLabel.swift */,
				D09102FB2308BE5800EC5D45 /* MLSimpleButton.swift */,
				D0F3823C21CFB34700662A11 /* MLViewConfiguration.swift */,
			);
			path = Components;
			sourceTree = "<group>";
		};
		D0F3824121CFB53900662A11 /* Layout */ = {
			isa = PBXGroup;
			children = (
				D0F3824721CFB55200662A11 /* AutoLayout+Extensions.swift */,
				D0F3824221CFB54300662A11 /* UIView+constraint.swift */,
			);
			path = Layout;
			sourceTree = "<group>";
		};
		D0F3826521CFB5BF00662A11 /* String */ = {
			isa = PBXGroup;
			children = (
				D0F3825B21CFB5AC00662A11 /* String+toCamelCase.swift */,
				D0F3824C21CFB57E00662A11 /* String+heightWithConstrainedWidth.swift */,
				D0F3825621CFB5A300662A11 /* String+Extensions.swift */,
				D0F3826021CFB5B400662A11 /* String+Character.swift */,
			);
			path = String;
			sourceTree = "<group>";
		};
		D0F3826621CFC30200662A11 /* Resources */ = {
			isa = PBXGroup;
			children = (
				D0F3819921CFA93200662A11 /* Fonts */,
			);
			path = Resources;
			sourceTree = "<group>";
		};
/* End PBXGroup section */

/* Begin PBXHeadersBuildPhase section */
		3549BB1E1DA389CD00C63030 /* Headers */ = {
			isa = PBXHeadersBuildPhase;
			buildActionMask = 2147483647;
			files = (
				3549BB501DA38A2000C63030 /* MLBootstrap.h in Headers */,
			);
			runOnlyForDeploymentPostprocessing = 0;
		};
/* End PBXHeadersBuildPhase section */

/* Begin PBXNativeTarget section */
		3549BB201DA389CD00C63030 /* MLBootstrap-iOS */ = {
			isa = PBXNativeTarget;
			buildConfigurationList = 3549BB261DA389CD00C63030 /* Build configuration list for PBXNativeTarget "MLBootstrap-iOS" */;
			buildPhases = (
				3549BB1C1DA389CD00C63030 /* Sources */,
				3549BB1D1DA389CD00C63030 /* Frameworks */,
				3549BB1E1DA389CD00C63030 /* Headers */,
				3549BB1F1DA389CD00C63030 /* Resources */,
				D07D31CC22FF1A97004403D5 /* Run Script - Linter */,
			);
			buildRules = (
			);
			dependencies = (
			);
			name = "MLBootstrap-iOS";
			productName = "MLBootstrap-iOS";
			productReference = 3549BB211DA389CD00C63030 /* MLBootstrap.framework */;
			productType = "com.apple.product-type.framework";
		};
		3549BB601DA38ADB00C63030 /* MLBootstrapTests-iOS */ = {
			isa = PBXNativeTarget;
			buildConfigurationList = 3549BB691DA38ADB00C63030 /* Build configuration list for PBXNativeTarget "MLBootstrapTests-iOS" */;
			buildPhases = (
				3549BB5D1DA38ADB00C63030 /* Sources */,
				3549BB5E1DA38ADB00C63030 /* Frameworks */,
				3549BB5F1DA38ADB00C63030 /* Resources */,
				35B7422C1F82A2C700829B21 /* Embed Frameworks */,
			);
			buildRules = (
			);
			dependencies = (
				3549BB681DA38ADB00C63030 /* PBXTargetDependency */,
			);
			name = "MLBootstrapTests-iOS";
			productName = "MLBootstrapTests-iOS";
			productReference = 3549BB611DA38ADB00C63030 /* MLBootstrapTests-iOS.xctest */;
			productType = "com.apple.product-type.bundle.unit-test";
		};
/* End PBXNativeTarget section */

/* Begin PBXProject section */
		3549BAFC1DA387DB00C63030 /* Project object */ = {
			isa = PBXProject;
			attributes = {
				LastSwiftUpdateCheck = 0800;
				LastUpgradeCheck = 1030;
				ORGANIZATIONNAME = micheltlutz;
				TargetAttributes = {
					3549BB201DA389CD00C63030 = {
						CreatedOnToolsVersion = 8.0;
						LastSwiftMigration = "";
						ProvisioningStyle = Automatic;
					};
					3549BB601DA38ADB00C63030 = {
						CreatedOnToolsVersion = 8.0;
						LastSwiftMigration = "";
						ProvisioningStyle = Automatic;
					};
				};
			};
			buildConfigurationList = 3549BAFF1DA387DB00C63030 /* Build configuration list for PBXProject "MLBootstrap" */;
			compatibilityVersion = "Xcode 3.2";
			developmentRegion = en;
			hasScannedForEncodings = 0;
			knownRegions = (
				en,
				Base,
			);
			mainGroup = 3549BAFB1DA387DB00C63030;
			productRefGroup = 3549BB061DA387DB00C63030 /* Products */;
			projectDirPath = "";
			projectRoot = "";
			targets = (
				3549BB201DA389CD00C63030 /* MLBootstrap-iOS */,
				3549BB601DA38ADB00C63030 /* MLBootstrapTests-iOS */,
			);
		};
/* End PBXProject section */

/* Begin PBXResourcesBuildPhase section */
		3549BB1F1DA389CD00C63030 /* Resources */ = {
			isa = PBXResourcesBuildPhase;
			buildActionMask = 2147483647;
			files = (
				D07D315522FEEE1A004403D5 /* SF-Pro-Display-Black.otf in Resources */,
				D07D315622FEEE1A004403D5 /* SF-Pro-Display-BlackItalic.otf in Resources */,
				D07D315722FEEE1A004403D5 /* SF-Pro-Display-Bold.otf in Resources */,
				D07D315822FEEE1A004403D5 /* SF-Pro-Display-BoldItalic.otf in Resources */,
				D07D315922FEEE1A004403D5 /* SF-Pro-Display-Heavy.otf in Resources */,
				D07D315A22FEEE1A004403D5 /* SF-Pro-Display-HeavyItalic.otf in Resources */,
				D07D315B22FEEE1A004403D5 /* SF-Pro-Display-Light.otf in Resources */,
				D07D315C22FEEE1A004403D5 /* SF-Pro-Display-LightItalic.otf in Resources */,
				D07D315D22FEEE1A004403D5 /* SF-Pro-Display-Medium.otf in Resources */,
				D07D315E22FEEE1A004403D5 /* SF-Pro-Display-MediumItalic.otf in Resources */,
				D07D315F22FEEE1A004403D5 /* SF-Pro-Display-Regular.otf in Resources */,
				D07D316022FEEE1A004403D5 /* SF-Pro-Display-RegularItalic.otf in Resources */,
				D07D316122FEEE1A004403D5 /* SF-Pro-Display-Semibold.otf in Resources */,
				D07D316222FEEE1A004403D5 /* SF-Pro-Display-SemiboldItalic.otf in Resources */,
				D07D316322FEEE1A004403D5 /* SF-Pro-Display-Thin.otf in Resources */,
				D07D316422FEEE1A004403D5 /* SF-Pro-Display-ThinItalic.otf in Resources */,
				D07D316522FEEE1A004403D5 /* SF-Pro-Display-Ultralight.otf in Resources */,
				D07D316622FEEE1A004403D5 /* SF-Pro-Display-UltralightItalic.otf in Resources */,
				D07D316722FEEE1A004403D5 /* SF-Pro-Text-Bold.otf in Resources */,
				D07D316822FEEE1A004403D5 /* SF-Pro-Text-BoldItalic.otf in Resources */,
				D07D316922FEEE1A004403D5 /* SF-Pro-Text-Heavy.otf in Resources */,
				D07D316A22FEEE1A004403D5 /* SF-Pro-Text-HeavyItalic.otf in Resources */,
				D07D316B22FEEE1A004403D5 /* SF-Pro-Text-Light.otf in Resources */,
				D07D316C22FEEE1A004403D5 /* SF-Pro-Text-LightItalic.otf in Resources */,
				D07D316D22FEEE1A004403D5 /* SF-Pro-Text-Medium.otf in Resources */,
				D07D316E22FEEE1A004403D5 /* SF-Pro-Text-MediumItalic.otf in Resources */,
				D07D316F22FEEE1A004403D5 /* SF-Pro-Text-Regular.otf in Resources */,
				D07D317022FEEE1A004403D5 /* SF-Pro-Text-RegularItalic.otf in Resources */,
				D07D317122FEEE1A004403D5 /* SF-Pro-Text-Semibold.otf in Resources */,
				D07D317222FEEE1A004403D5 /* SF-Pro-Text-SemiboldItalic.otf in Resources */,
			);
			runOnlyForDeploymentPostprocessing = 0;
		};
		3549BB5F1DA38ADB00C63030 /* Resources */ = {
			isa = PBXResourcesBuildPhase;
			buildActionMask = 2147483647;
			files = (
			);
			runOnlyForDeploymentPostprocessing = 0;
		};
/* End PBXResourcesBuildPhase section */

/* Begin PBXShellScriptBuildPhase section */
		D07D31CC22FF1A97004403D5 /* Run Script - Linter */ = {
			isa = PBXShellScriptBuildPhase;
			buildActionMask = 2147483647;
			files = (
			);
			inputFileListPaths = (
			);
			inputPaths = (
			);
			name = "Run Script - Linter";
			outputFileListPaths = (
			);
			outputPaths = (
			);
			runOnlyForDeploymentPostprocessing = 0;
			shellPath = /bin/sh;
			shellScript = "if which swiftlint >/dev/null; then\nswiftlint\nelse\necho \"warning: SwiftLint not installed, download from https://github.com/realm/SwiftLint\"\nfi\n";
		};
/* End PBXShellScriptBuildPhase section */

/* Begin PBXSourcesBuildPhase section */
		3549BB1C1DA389CD00C63030 /* Sources */ = {
			isa = PBXSourcesBuildPhase;
			buildActionMask = 2147483647;
			files = (
				D0B862EB22FA7063002E9FB4 /* RuntimeUtils.swift in Sources */,
				D0B862E922FA6FDA002E9FB4 /* DateUtils.swift in Sources */,
				D0B862ED22FA70B9002E9FB4 /* DevUtils.swift in Sources */,
				D0B862EF22FA70F3002E9FB4 /* MLImages.swift in Sources */,
				D0F3818F21CC681A00662A11 /* UIColor+Hex.swift in Sources */,
				D0F3824321CFB54300662A11 /* UIView+constraint.swift in Sources */,
				D0F3819721CC697600662A11 /* UIControl+addAction.swift in Sources */,
				D0F3824D21CFB57E00662A11 /* String+heightWithConstrainedWidth.swift in Sources */,
				D0F3825721CFB5A300662A11 /* String+Extensions.swift in Sources */,
				D0F3823D21CFB34700662A11 /* MLViewConfiguration.swift in Sources */,
				D09102FC2308BE5800EC5D45 /* MLSimpleButton.swift in Sources */,
				D0F3818D21CC67B700662A11 /* MLColorPallet.swift in Sources */,
				D0F3825C21CFB5AC00662A11 /* String+toCamelCase.swift in Sources */,
				D0F3818721CC5F7300662A11 /* MLButton.swift in Sources */,
				D0F3818921CC60BB00662A11 /* MLField.swift in Sources */,
				D0F3824821CFB55300662A11 /* AutoLayout+Extensions.swift in Sources */,
				D0F3818B21CC652100662A11 /* MLBootstrapSkin.swift in Sources */,
				359649031FB18CC000FC7ADC /* MLBootstrap.swift in Sources */,
				D0F3818521CC5DB100662A11 /* MLLabel.swift in Sources */,
				D0F3823221CFAC4500662A11 /* MLFonts.swift in Sources */,
				D0F3819421CC68A500662A11 /* MLMath.swift in Sources */,
				D0F3826121CFB5B400662A11 /* String+Character.swift in Sources */,
				D0F3819521CC68A500662A11 /* ClosureAttach.swift in Sources */,
				D0F3825221CFB58E00662A11 /* UIView+tapGesture.swift in Sources */,
				D0F3823721CFAE6B00662A11 /* MLSizes.swift in Sources */,
			);
			runOnlyForDeploymentPostprocessing = 0;
		};
		3549BB5D1DA38ADB00C63030 /* Sources */ = {
			isa = PBXSourcesBuildPhase;
			buildActionMask = 2147483647;
			files = (
				3549BB8B1DA38C0A00C63030 /* MLBootstrapSpec.swift in Sources */,
			);
			runOnlyForDeploymentPostprocessing = 0;
		};
/* End PBXSourcesBuildPhase section */

/* Begin PBXTargetDependency section */
		3549BB681DA38ADB00C63030 /* PBXTargetDependency */ = {
			isa = PBXTargetDependency;
			target = 3549BB201DA389CD00C63030 /* MLBootstrap-iOS */;
			targetProxy = 3549BB671DA38ADB00C63030 /* PBXContainerItemProxy */;
		};
/* End PBXTargetDependency section */

/* Begin XCBuildConfiguration section */
		3549BB0B1DA387DB00C63030 /* Debug */ = {
			isa = XCBuildConfiguration;
			buildSettings = {
				ALWAYS_SEARCH_USER_PATHS = NO;
				CLANG_ANALYZER_LOCALIZABILITY_NONLOCALIZED = YES;
				CLANG_ANALYZER_NONNULL = YES;
				CLANG_CXX_LANGUAGE_STANDARD = "gnu++0x";
				CLANG_CXX_LIBRARY = "libc++";
				CLANG_ENABLE_MODULES = YES;
				CLANG_ENABLE_OBJC_ARC = YES;
				CLANG_WARN_BLOCK_CAPTURE_AUTORELEASING = YES;
				CLANG_WARN_BOOL_CONVERSION = YES;
				CLANG_WARN_COMMA = YES;
				CLANG_WARN_CONSTANT_CONVERSION = YES;
				CLANG_WARN_DEPRECATED_OBJC_IMPLEMENTATIONS = YES;
				CLANG_WARN_DIRECT_OBJC_ISA_USAGE = YES_ERROR;
				CLANG_WARN_DOCUMENTATION_COMMENTS = YES;
				CLANG_WARN_EMPTY_BODY = YES;
				CLANG_WARN_ENUM_CONVERSION = YES;
				CLANG_WARN_INFINITE_RECURSION = YES;
				CLANG_WARN_INT_CONVERSION = YES;
				CLANG_WARN_NON_LITERAL_NULL_CONVERSION = YES;
				CLANG_WARN_OBJC_IMPLICIT_RETAIN_SELF = YES;
				CLANG_WARN_OBJC_LITERAL_CONVERSION = YES;
				CLANG_WARN_OBJC_ROOT_CLASS = YES_ERROR;
				CLANG_WARN_RANGE_LOOP_ANALYSIS = YES;
				CLANG_WARN_STRICT_PROTOTYPES = YES;
				CLANG_WARN_SUSPICIOUS_MOVE = YES;
				CLANG_WARN_SUSPICIOUS_MOVES = YES;
				CLANG_WARN_UNREACHABLE_CODE = YES;
				CLANG_WARN__DUPLICATE_METHOD_MATCH = YES;
				COPY_PHASE_STRIP = NO;
				CURRENT_PROJECT_VERSION = 1;
				DEBUG_INFORMATION_FORMAT = dwarf;
				ENABLE_STRICT_OBJC_MSGSEND = YES;
				ENABLE_TESTABILITY = YES;
				GCC_C_LANGUAGE_STANDARD = gnu99;
				GCC_DYNAMIC_NO_PIC = NO;
				GCC_NO_COMMON_BLOCKS = YES;
				GCC_OPTIMIZATION_LEVEL = 0;
				GCC_PREPROCESSOR_DEFINITIONS = (
					"DEBUG=1",
					"$(inherited)",
				);
				GCC_WARN_64_TO_32_BIT_CONVERSION = YES;
				GCC_WARN_ABOUT_RETURN_TYPE = YES_ERROR;
				GCC_WARN_UNDECLARED_SELECTOR = YES;
				GCC_WARN_UNINITIALIZED_AUTOS = YES_AGGRESSIVE;
				GCC_WARN_UNUSED_FUNCTION = YES;
				GCC_WARN_UNUSED_VARIABLE = YES;
				IPHONEOS_DEPLOYMENT_TARGET = 11.0;
				MTL_ENABLE_DEBUG_INFO = YES;
				ONLY_ACTIVE_ARCH = YES;
				SDKROOT = iphoneos;
				SWIFT_ACTIVE_COMPILATION_CONDITIONS = DEBUG;
				SWIFT_OPTIMIZATION_LEVEL = "-Onone";
				SWIFT_SWIFT3_OBJC_INFERENCE = On;
				SWIFT_VERSION = 5.0;
				TARGETED_DEVICE_FAMILY = "1,2";
				VERSIONING_SYSTEM = "apple-generic";
				VERSION_INFO_PREFIX = "";
			};
			name = Debug;
		};
		3549BB0C1DA387DB00C63030 /* Release */ = {
			isa = XCBuildConfiguration;
			buildSettings = {
				ALWAYS_SEARCH_USER_PATHS = NO;
				CLANG_ANALYZER_LOCALIZABILITY_NONLOCALIZED = YES;
				CLANG_ANALYZER_NONNULL = YES;
				CLANG_CXX_LANGUAGE_STANDARD = "gnu++0x";
				CLANG_CXX_LIBRARY = "libc++";
				CLANG_ENABLE_MODULES = YES;
				CLANG_ENABLE_OBJC_ARC = YES;
				CLANG_WARN_BLOCK_CAPTURE_AUTORELEASING = YES;
				CLANG_WARN_BOOL_CONVERSION = YES;
				CLANG_WARN_COMMA = YES;
				CLANG_WARN_CONSTANT_CONVERSION = YES;
				CLANG_WARN_DEPRECATED_OBJC_IMPLEMENTATIONS = YES;
				CLANG_WARN_DIRECT_OBJC_ISA_USAGE = YES_ERROR;
				CLANG_WARN_DOCUMENTATION_COMMENTS = YES;
				CLANG_WARN_EMPTY_BODY = YES;
				CLANG_WARN_ENUM_CONVERSION = YES;
				CLANG_WARN_INFINITE_RECURSION = YES;
				CLANG_WARN_INT_CONVERSION = YES;
				CLANG_WARN_NON_LITERAL_NULL_CONVERSION = YES;
				CLANG_WARN_OBJC_IMPLICIT_RETAIN_SELF = YES;
				CLANG_WARN_OBJC_LITERAL_CONVERSION = YES;
				CLANG_WARN_OBJC_ROOT_CLASS = YES_ERROR;
				CLANG_WARN_RANGE_LOOP_ANALYSIS = YES;
				CLANG_WARN_STRICT_PROTOTYPES = YES;
				CLANG_WARN_SUSPICIOUS_MOVE = YES;
				CLANG_WARN_SUSPICIOUS_MOVES = YES;
				CLANG_WARN_UNREACHABLE_CODE = YES;
				CLANG_WARN__DUPLICATE_METHOD_MATCH = YES;
				COPY_PHASE_STRIP = NO;
				CURRENT_PROJECT_VERSION = 1;
				DEBUG_INFORMATION_FORMAT = "dwarf-with-dsym";
				ENABLE_NS_ASSERTIONS = NO;
				ENABLE_STRICT_OBJC_MSGSEND = YES;
				GCC_C_LANGUAGE_STANDARD = gnu99;
				GCC_NO_COMMON_BLOCKS = YES;
				GCC_WARN_64_TO_32_BIT_CONVERSION = YES;
				GCC_WARN_ABOUT_RETURN_TYPE = YES_ERROR;
				GCC_WARN_UNDECLARED_SELECTOR = YES;
				GCC_WARN_UNINITIALIZED_AUTOS = YES_AGGRESSIVE;
				GCC_WARN_UNUSED_FUNCTION = YES;
				GCC_WARN_UNUSED_VARIABLE = YES;
				IPHONEOS_DEPLOYMENT_TARGET = 11.0;
				MTL_ENABLE_DEBUG_INFO = NO;
				SDKROOT = iphoneos;
				SWIFT_OPTIMIZATION_LEVEL = "-Owholemodule";
				SWIFT_SWIFT3_OBJC_INFERENCE = On;
				SWIFT_VERSION = 5.0;
				TARGETED_DEVICE_FAMILY = "1,2";
				VALIDATE_PRODUCT = YES;
				VERSIONING_SYSTEM = "apple-generic";
				VERSION_INFO_PREFIX = "";
			};
			name = Release;
		};
		3549BB271DA389CD00C63030 /* Debug */ = {
			isa = XCBuildConfiguration;
			buildSettings = {
				CLANG_ENABLE_MODULES = YES;
				DEFINES_MODULE = YES;
				DYLIB_COMPATIBILITY_VERSION = 1;
				DYLIB_CURRENT_VERSION = 1;
				DYLIB_INSTALL_NAME_BASE = "@rpath";
				FRAMEWORK_SEARCH_PATHS = "$(inherited)";
				INFOPLIST_FILE = Sources/Info.plist;
				INSTALL_PATH = "$(LOCAL_LIBRARY_DIR)/Frameworks";
				IPHONEOS_DEPLOYMENT_TARGET = 11.0;
				LD_RUNPATH_SEARCH_PATHS = "$(inherited) @executable_path/Frameworks @loader_path/Frameworks";
				PRODUCT_BUNDLE_IDENTIFIER = me.micheltlutz.MLBootstrap;
				PRODUCT_NAME = MLBootstrap;
				SKIP_INSTALL = YES;
				SWIFT_OPTIMIZATION_LEVEL = "-Onone";
				SWIFT_SWIFT3_OBJC_INFERENCE = Off;
				SWIFT_VERSION = 5.0;
			};
			name = Debug;
		};
		3549BB281DA389CD00C63030 /* Release */ = {
			isa = XCBuildConfiguration;
			buildSettings = {
				CLANG_ENABLE_MODULES = YES;
				DEFINES_MODULE = YES;
				DYLIB_COMPATIBILITY_VERSION = 1;
				DYLIB_CURRENT_VERSION = 1;
				DYLIB_INSTALL_NAME_BASE = "@rpath";
				FRAMEWORK_SEARCH_PATHS = "$(inherited)";
				INFOPLIST_FILE = Sources/Info.plist;
				INSTALL_PATH = "$(LOCAL_LIBRARY_DIR)/Frameworks";
				IPHONEOS_DEPLOYMENT_TARGET = 11.0;
				LD_RUNPATH_SEARCH_PATHS = "$(inherited) @executable_path/Frameworks @loader_path/Frameworks";
				PRODUCT_BUNDLE_IDENTIFIER = me.micheltlutz.MLBootstrap;
				PRODUCT_NAME = MLBootstrap;
				SKIP_INSTALL = YES;
				SWIFT_SWIFT3_OBJC_INFERENCE = Off;
				SWIFT_VERSION = 5.0;
			};
			name = Release;
		};
		3549BB6A1DA38ADB00C63030 /* Debug */ = {
			isa = XCBuildConfiguration;
			buildSettings = {
				ALWAYS_EMBED_SWIFT_STANDARD_LIBRARIES = YES;
				CLANG_ENABLE_MODULES = YES;
				FRAMEWORK_SEARCH_PATHS = (
					"$(inherited)",
					"$(PROJECT_DIR)/Carthage/Build/iOS",
				);
				INFOPLIST_FILE = Tests/Info.plist;
				LD_RUNPATH_SEARCH_PATHS = "$(inherited) @executable_path/Frameworks @loader_path/Frameworks";
				PRODUCT_BUNDLE_IDENTIFIER = me.micheltlutz.MLBootstrap.MLBootstrapTests;
				PRODUCT_NAME = "$(TARGET_NAME)";
				SWIFT_OPTIMIZATION_LEVEL = "-Onone";
				SWIFT_VERSION = 5.0;
			};
			name = Debug;
		};
		3549BB6B1DA38ADB00C63030 /* Release */ = {
			isa = XCBuildConfiguration;
			buildSettings = {
				ALWAYS_EMBED_SWIFT_STANDARD_LIBRARIES = YES;
				CLANG_ENABLE_MODULES = YES;
				FRAMEWORK_SEARCH_PATHS = (
					"$(inherited)",
					"$(PROJECT_DIR)/Carthage/Build/iOS",
				);
				INFOPLIST_FILE = Tests/Info.plist;
				LD_RUNPATH_SEARCH_PATHS = "$(inherited) @executable_path/Frameworks @loader_path/Frameworks";
				PRODUCT_BUNDLE_IDENTIFIER = me.micheltlutz.MLBootstrap.MLBootstrapTests;
				PRODUCT_NAME = "$(TARGET_NAME)";
				SWIFT_VERSION = 5.0;
			};
			name = Release;
		};
/* End XCBuildConfiguration section */

/* Begin XCConfigurationList section */
		3549BAFF1DA387DB00C63030 /* Build configuration list for PBXProject "MLBootstrap" */ = {
			isa = XCConfigurationList;
			buildConfigurations = (
				3549BB0B1DA387DB00C63030 /* Debug */,
				3549BB0C1DA387DB00C63030 /* Release */,
			);
			defaultConfigurationIsVisible = 0;
			defaultConfigurationName = Release;
		};
		3549BB261DA389CD00C63030 /* Build configuration list for PBXNativeTarget "MLBootstrap-iOS" */ = {
			isa = XCConfigurationList;
			buildConfigurations = (
				3549BB271DA389CD00C63030 /* Debug */,
				3549BB281DA389CD00C63030 /* Release */,
			);
			defaultConfigurationIsVisible = 0;
			defaultConfigurationName = Release;
		};
		3549BB691DA38ADB00C63030 /* Build configuration list for PBXNativeTarget "MLBootstrapTests-iOS" */ = {
			isa = XCConfigurationList;
			buildConfigurations = (
				3549BB6A1DA38ADB00C63030 /* Debug */,
				3549BB6B1DA38ADB00C63030 /* Release */,
			);
			defaultConfigurationIsVisible = 0;
			defaultConfigurationName = Release;
		};
/* End XCConfigurationList section */
	};
	rootObject = 3549BAFC1DA387DB00C63030 /* Project object */;
}
