// !$*UTF8*$!
{
	archiveVersion = 1;
	classes = {
	};
	objectVersion = 46;
	objects = {

/* Begin PBXBuildFile section */
		3549BB501DA38A2000C63030 /* MLBootstrap.h in Headers */ = {isa = PBXBuildFile; fileRef = 3549BB181DA3890B00C63030 /* MLBootstrap.h */; settings = {ATTRIBUTES = (Public, ); }; };
		3549BB661DA38ADB00C63030 /* MLBootstrap.framework in Frameworks */ = {isa = PBXBuildFile; fileRef = 3549BB211DA389CD00C63030 /* MLBootstrap.framework */; };
		3549BB8B1DA38C0A00C63030 /* MLBootstrapSpec.swift in Sources */ = {isa = PBXBuildFile; fileRef = 3549BB8A1DA38C0A00C63030 /* MLBootstrapSpec.swift */; };
		359649031FB18CC000FC7ADC /* MLBootstrap.swift in Sources */ = {isa = PBXBuildFile; fileRef = 359649021FB18CBF00FC7ADC /* MLBootstrap.swift */; };
		D01FD2502339A9E800B8BBD6 /* CustomFormatter.swift in Sources */ = {isa = PBXBuildFile; fileRef = D01FD24F2339A9E800B8BBD6 /* CustomFormatter.swift */; };
		D01FD2522339AA2200B8BBD6 /* GeneralFormatter.swift in Sources */ = {isa = PBXBuildFile; fileRef = D01FD2512339AA2200B8BBD6 /* GeneralFormatter.swift */; };
		D01FD2542339AA5100B8BBD6 /* PhoneFormatter.swift in Sources */ = {isa = PBXBuildFile; fileRef = D01FD2532339AA5100B8BBD6 /* PhoneFormatter.swift */; };
		D023A908235CA12C00C5A2F3 /* Date+Extension.swift in Sources */ = {isa = PBXBuildFile; fileRef = D023A907235CA12C00C5A2F3 /* Date+Extension.swift */; };
		D023A90A235CA18E00C5A2F3 /* Formatter+Extension.swift in Sources */ = {isa = PBXBuildFile; fileRef = D023A909235CA18E00C5A2F3 /* Formatter+Extension.swift */; };
		D023A90C235CA23500C5A2F3 /* JSON+Extension.swift in Sources */ = {isa = PBXBuildFile; fileRef = D023A90B235CA23500C5A2F3 /* JSON+Extension.swift */; };
		D0348370233D929200A1577F /* String+SimpleHTML.swift in Sources */ = {isa = PBXBuildFile; fileRef = D034836F233D929200A1577F /* String+SimpleHTML.swift */; };
		D0348372233D93F600A1577F /* NSMutableAttributedString+HTML.swift in Sources */ = {isa = PBXBuildFile; fileRef = D0348371233D93F600A1577F /* NSMutableAttributedString+HTML.swift */; };
		D03C55AA237D014E00915A22 /* MLStackLabel.swift in Sources */ = {isa = PBXBuildFile; fileRef = D03C55A9237D014E00915A22 /* MLStackLabel.swift */; };
		D09102FC2308BE5800EC5D45 /* MLSimpleButton.swift in Sources */ = {isa = PBXBuildFile; fileRef = D09102FB2308BE5800EC5D45 /* MLSimpleButton.swift */; };
		D0A4FE1723BEC65D00962A4B /* MLImagePicker.swift in Sources */ = {isa = PBXBuildFile; fileRef = D0A4FE1623BEC65D00962A4B /* MLImagePicker.swift */; };
		D0B3AB5E23402BB500BF4489 /* ZipCodeFormatter.swift in Sources */ = {isa = PBXBuildFile; fileRef = D0B3AB5D23402BB500BF4489 /* ZipCodeFormatter.swift */; };
		D0B3AB6023402C7800BF4489 /* NoRuleFormatter.swift in Sources */ = {isa = PBXBuildFile; fileRef = D0B3AB5F23402C7800BF4489 /* NoRuleFormatter.swift */; };
		D0B3AB6223402CA300BF4489 /* CPFFormatter.swift in Sources */ = {isa = PBXBuildFile; fileRef = D0B3AB6123402CA300BF4489 /* CPFFormatter.swift */; };
		D0B3AB6423402CC700BF4489 /* CNPJFormatter.swift in Sources */ = {isa = PBXBuildFile; fileRef = D0B3AB6323402CC700BF4489 /* CNPJFormatter.swift */; };
		D0B3AB6623402CE700BF4489 /* BirthdayFormatter.swift in Sources */ = {isa = PBXBuildFile; fileRef = D0B3AB6523402CE700BF4489 /* BirthdayFormatter.swift */; };
		D0B3AB81234142A900BF4489 /* String+InverseDate.swift in Sources */ = {isa = PBXBuildFile; fileRef = D0B3AB80234142A900BF4489 /* String+InverseDate.swift */; };
		D0B3AB862341436E00BF4489 /* StringExtensionsTest.swift in Sources */ = {isa = PBXBuildFile; fileRef = D0B3AB852341436E00BF4489 /* StringExtensionsTest.swift */; };
		D0B3AB88234148C100BF4489 /* MLDatePickerField.swift in Sources */ = {isa = PBXBuildFile; fileRef = D0B3AB87234148C100BF4489 /* MLDatePickerField.swift */; };
		D0B3AB8B2341583400BF4489 /* MLPickerField.swift in Sources */ = {isa = PBXBuildFile; fileRef = D0B3AB8A2341583400BF4489 /* MLPickerField.swift */; };
		D0B3ABA12342CEDF00BF4489 /* MLQuestionCheck.swift in Sources */ = {isa = PBXBuildFile; fileRef = D0B3ABA02342CEDF00BF4489 /* MLQuestionCheck.swift */; };
		D0B3ABA32342CF0100BF4489 /* MLQuestionCheckButton.swift in Sources */ = {isa = PBXBuildFile; fileRef = D0B3ABA22342CF0100BF4489 /* MLQuestionCheckButton.swift */; };
		D0B862E922FA6FDA002E9FB4 /* DateUtils.swift in Sources */ = {isa = PBXBuildFile; fileRef = D0B862E822FA6FDA002E9FB4 /* DateUtils.swift */; };
		D0B862EB22FA7063002E9FB4 /* RuntimeUtils.swift in Sources */ = {isa = PBXBuildFile; fileRef = D0B862EA22FA7063002E9FB4 /* RuntimeUtils.swift */; };
		D0B862ED22FA70B9002E9FB4 /* DevUtils.swift in Sources */ = {isa = PBXBuildFile; fileRef = D0B862EC22FA70B9002E9FB4 /* DevUtils.swift */; };
		D0B862EF22FA70F3002E9FB4 /* MLImages.swift in Sources */ = {isa = PBXBuildFile; fileRef = D0B862EE22FA70F3002E9FB4 /* MLImages.swift */; };
		D0F3818521CC5DB100662A11 /* MLLabel.swift in Sources */ = {isa = PBXBuildFile; fileRef = D0F3818421CC5DB100662A11 /* MLLabel.swift */; };
		D0F3818721CC5F7300662A11 /* MLButton.swift in Sources */ = {isa = PBXBuildFile; fileRef = D0F3818621CC5F7300662A11 /* MLButton.swift */; };
		D0F3818921CC60BB00662A11 /* MLField.swift in Sources */ = {isa = PBXBuildFile; fileRef = D0F3818821CC60BB00662A11 /* MLField.swift */; };
		D0F3818B21CC652100662A11 /* MLBootstrapSkin.swift in Sources */ = {isa = PBXBuildFile; fileRef = D0F3818A21CC652100662A11 /* MLBootstrapSkin.swift */; };
		D0F3818D21CC67B700662A11 /* MLColorPallet.swift in Sources */ = {isa = PBXBuildFile; fileRef = D0F3818C21CC67B700662A11 /* MLColorPallet.swift */; };
		D0F3818F21CC681A00662A11 /* UIColor+Hex.swift in Sources */ = {isa = PBXBuildFile; fileRef = D0F3818E21CC681A00662A11 /* UIColor+Hex.swift */; };
		D0F3819421CC68A500662A11 /* MLMath.swift in Sources */ = {isa = PBXBuildFile; fileRef = D0F3819221CC68A500662A11 /* MLMath.swift */; };
		D0F3819521CC68A500662A11 /* ClosureAttach.swift in Sources */ = {isa = PBXBuildFile; fileRef = D0F3819321CC68A500662A11 /* ClosureAttach.swift */; };
		D0F3819721CC697600662A11 /* UIControl+addAction.swift in Sources */ = {isa = PBXBuildFile; fileRef = D0F3819621CC697600662A11 /* UIControl+addAction.swift */; };
		D0F3823721CFAE6B00662A11 /* MLSizes.swift in Sources */ = {isa = PBXBuildFile; fileRef = D0F3823621CFAE6B00662A11 /* MLSizes.swift */; };
		D0F3823D21CFB34700662A11 /* MLViewConfiguration.swift in Sources */ = {isa = PBXBuildFile; fileRef = D0F3823C21CFB34700662A11 /* MLViewConfiguration.swift */; };
		D0F3824321CFB54300662A11 /* UIView+constraint.swift in Sources */ = {isa = PBXBuildFile; fileRef = D0F3824221CFB54300662A11 /* UIView+constraint.swift */; };
		D0F3824821CFB55300662A11 /* AutoLayout+Extensions.swift in Sources */ = {isa = PBXBuildFile; fileRef = D0F3824721CFB55200662A11 /* AutoLayout+Extensions.swift */; };
		D0F3824D21CFB57E00662A11 /* String+heightWithConstrainedWidth.swift in Sources */ = {isa = PBXBuildFile; fileRef = D0F3824C21CFB57E00662A11 /* String+heightWithConstrainedWidth.swift */; };
		D0F3825221CFB58E00662A11 /* UIView+tapGesture.swift in Sources */ = {isa = PBXBuildFile; fileRef = D0F3825121CFB58D00662A11 /* UIView+tapGesture.swift */; };
		D0F3825721CFB5A300662A11 /* String+Extensions.swift in Sources */ = {isa = PBXBuildFile; fileRef = D0F3825621CFB5A300662A11 /* String+Extensions.swift */; };
		D0F3825C21CFB5AC00662A11 /* String+toCamelCase.swift in Sources */ = {isa = PBXBuildFile; fileRef = D0F3825B21CFB5AC00662A11 /* String+toCamelCase.swift */; };
		D0F3826121CFB5B400662A11 /* String+Character.swift in Sources */ = {isa = PBXBuildFile; fileRef = D0F3826021CFB5B400662A11 /* String+Character.swift */; };
/* End PBXBuildFile section */

/* Begin PBXContainerItemProxy section */
		3549BB671DA38ADB00C63030 /* PBXContainerItemProxy */ = {
			isa = PBXContainerItemProxy;
			containerPortal = 3549BAFC1DA387DB00C63030 /* Project object */;
			proxyType = 1;
			remoteGlobalIDString = 3549BB201DA389CD00C63030;
			remoteInfo = "MLBootstrap-iOS";
		};
/* End PBXContainerItemProxy section */

/* Begin PBXCopyFilesBuildPhase section */
		35B7422C1F82A2C700829B21 /* Embed Frameworks */ = {
			isa = PBXCopyFilesBuildPhase;
			buildActionMask = 2147483647;
			dstPath = "";
			dstSubfolderSpec = 10;
			files = (
			);
			name = "Embed Frameworks";
			runOnlyForDeploymentPostprocessing = 0;
		};
/* End PBXCopyFilesBuildPhase section */

/* Begin PBXFileReference section */
		3549BB171DA3890B00C63030 /* Info.plist */ = {isa = PBXFileReference; fileEncoding = 4; lastKnownFileType = text.plist.xml; path = Info.plist; sourceTree = "<group>"; };
		3549BB181DA3890B00C63030 /* MLBootstrap.h */ = {isa = PBXFileReference; fileEncoding = 4; lastKnownFileType = sourcecode.c.h; path = MLBootstrap.h; sourceTree = "<group>"; };
		3549BB211DA389CD00C63030 /* MLBootstrap.framework */ = {isa = PBXFileReference; explicitFileType = wrapper.framework; includeInIndex = 0; path = MLBootstrap.framework; sourceTree = BUILT_PRODUCTS_DIR; };
		3549BB581DA38A8800C63030 /* Info.plist */ = {isa = PBXFileReference; fileEncoding = 4; lastKnownFileType = text.plist.xml; path = Info.plist; sourceTree = "<group>"; };
		3549BB611DA38ADB00C63030 /* MLBootstrapTests-iOS.xctest */ = {isa = PBXFileReference; explicitFileType = wrapper.cfbundle; includeInIndex = 0; path = "MLBootstrapTests-iOS.xctest"; sourceTree = BUILT_PRODUCTS_DIR; };
		3549BB8A1DA38C0A00C63030 /* MLBootstrapSpec.swift */ = {isa = PBXFileReference; fileEncoding = 4; lastKnownFileType = sourcecode.swift; path = MLBootstrapSpec.swift; sourceTree = "<group>"; };
		359649021FB18CBF00FC7ADC /* MLBootstrap.swift */ = {isa = PBXFileReference; fileEncoding = 4; lastKnownFileType = sourcecode.swift; path = MLBootstrap.swift; sourceTree = "<group>"; };
		D01FD24F2339A9E800B8BBD6 /* CustomFormatter.swift */ = {isa = PBXFileReference; lastKnownFileType = sourcecode.swift; path = CustomFormatter.swift; sourceTree = "<group>"; };
		D01FD2512339AA2200B8BBD6 /* GeneralFormatter.swift */ = {isa = PBXFileReference; lastKnownFileType = sourcecode.swift; path = GeneralFormatter.swift; sourceTree = "<group>"; };
		D01FD2532339AA5100B8BBD6 /* PhoneFormatter.swift */ = {isa = PBXFileReference; lastKnownFileType = sourcecode.swift; path = PhoneFormatter.swift; sourceTree = "<group>"; };
		D023A907235CA12C00C5A2F3 /* Date+Extension.swift */ = {isa = PBXFileReference; lastKnownFileType = sourcecode.swift; path = "Date+Extension.swift"; sourceTree = "<group>"; };
		D023A909235CA18E00C5A2F3 /* Formatter+Extension.swift */ = {isa = PBXFileReference; lastKnownFileType = sourcecode.swift; path = "Formatter+Extension.swift"; sourceTree = "<group>"; };
		D023A90B235CA23500C5A2F3 /* JSON+Extension.swift */ = {isa = PBXFileReference; lastKnownFileType = sourcecode.swift; path = "JSON+Extension.swift"; sourceTree = "<group>"; };
		D034836F233D929200A1577F /* String+SimpleHTML.swift */ = {isa = PBXFileReference; lastKnownFileType = sourcecode.swift; path = "String+SimpleHTML.swift"; sourceTree = "<group>"; };
		D0348371233D93F600A1577F /* NSMutableAttributedString+HTML.swift */ = {isa = PBXFileReference; lastKnownFileType = sourcecode.swift; path = "NSMutableAttributedString+HTML.swift"; sourceTree = "<group>"; };
		D03C55A9237D014E00915A22 /* MLStackLabel.swift */ = {isa = PBXFileReference; lastKnownFileType = sourcecode.swift; path = MLStackLabel.swift; sourceTree = "<group>"; };
		D07CC9BD231AA1A200BF1B2F /* MLBootstrapBinary.json */ = {isa = PBXFileReference; lastKnownFileType = text.json; path = MLBootstrapBinary.json; sourceTree = "<group>"; };
		D09102FB2308BE5800EC5D45 /* MLSimpleButton.swift */ = {isa = PBXFileReference; lastKnownFileType = sourcecode.swift; path = MLSimpleButton.swift; sourceTree = "<group>"; };
		D0A4FE1623BEC65D00962A4B /* MLImagePicker.swift */ = {isa = PBXFileReference; lastKnownFileType = sourcecode.swift; path = MLImagePicker.swift; sourceTree = "<group>"; };
		D0B3AB5D23402BB500BF4489 /* ZipCodeFormatter.swift */ = {isa = PBXFileReference; lastKnownFileType = sourcecode.swift; path = ZipCodeFormatter.swift; sourceTree = "<group>"; };
		D0B3AB5F23402C7800BF4489 /* NoRuleFormatter.swift */ = {isa = PBXFileReference; lastKnownFileType = sourcecode.swift; path = NoRuleFormatter.swift; sourceTree = "<group>"; };
		D0B3AB6123402CA300BF4489 /* CPFFormatter.swift */ = {isa = PBXFileReference; lastKnownFileType = sourcecode.swift; path = CPFFormatter.swift; sourceTree = "<group>"; };
		D0B3AB6323402CC700BF4489 /* CNPJFormatter.swift */ = {isa = PBXFileReference; lastKnownFileType = sourcecode.swift; path = CNPJFormatter.swift; sourceTree = "<group>"; };
		D0B3AB6523402CE700BF4489 /* BirthdayFormatter.swift */ = {isa = PBXFileReference; lastKnownFileType = sourcecode.swift; path = BirthdayFormatter.swift; sourceTree = "<group>"; };
		D0B3AB80234142A900BF4489 /* String+InverseDate.swift */ = {isa = PBXFileReference; lastKnownFileType = sourcecode.swift; path = "String+InverseDate.swift"; sourceTree = "<group>"; };
		D0B3AB852341436E00BF4489 /* StringExtensionsTest.swift */ = {isa = PBXFileReference; lastKnownFileType = sourcecode.swift; path = StringExtensionsTest.swift; sourceTree = "<group>"; };
		D0B3AB87234148C100BF4489 /* MLDatePickerField.swift */ = {isa = PBXFileReference; lastKnownFileType = sourcecode.swift; path = MLDatePickerField.swift; sourceTree = "<group>"; };
		D0B3AB8A2341583400BF4489 /* MLPickerField.swift */ = {isa = PBXFileReference; lastKnownFileType = sourcecode.swift; path = MLPickerField.swift; sourceTree = "<group>"; };
		D0B3ABA02342CEDF00BF4489 /* MLQuestionCheck.swift */ = {isa = PBXFileReference; lastKnownFileType = sourcecode.swift; path = MLQuestionCheck.swift; sourceTree = "<group>"; };
		D0B3ABA22342CF0100BF4489 /* MLQuestionCheckButton.swift */ = {isa = PBXFileReference; lastKnownFileType = sourcecode.swift; path = MLQuestionCheckButton.swift; sourceTree = "<group>"; };
		D0B862E822FA6FDA002E9FB4 /* DateUtils.swift */ = {isa = PBXFileReference; lastKnownFileType = sourcecode.swift; path = DateUtils.swift; sourceTree = "<group>"; };
		D0B862EA22FA7063002E9FB4 /* RuntimeUtils.swift */ = {isa = PBXFileReference; lastKnownFileType = sourcecode.swift; path = RuntimeUtils.swift; sourceTree = "<group>"; };
		D0B862EC22FA70B9002E9FB4 /* DevUtils.swift */ = {isa = PBXFileReference; lastKnownFileType = sourcecode.swift; path = DevUtils.swift; sourceTree = "<group>"; };
		D0B862EE22FA70F3002E9FB4 /* MLImages.swift */ = {isa = PBXFileReference; lastKnownFileType = sourcecode.swift; path = MLImages.swift; sourceTree = "<group>"; };
		D0F3818421CC5DB100662A11 /* MLLabel.swift */ = {isa = PBXFileReference; lastKnownFileType = sourcecode.swift; path = MLLabel.swift; sourceTree = "<group>"; };
		D0F3818621CC5F7300662A11 /* MLButton.swift */ = {isa = PBXFileReference; lastKnownFileType = sourcecode.swift; path = MLButton.swift; sourceTree = "<group>"; };
		D0F3818821CC60BB00662A11 /* MLField.swift */ = {isa = PBXFileReference; lastKnownFileType = sourcecode.swift; path = MLField.swift; sourceTree = "<group>"; };
		D0F3818A21CC652100662A11 /* MLBootstrapSkin.swift */ = {isa = PBXFileReference; lastKnownFileType = sourcecode.swift; path = MLBootstrapSkin.swift; sourceTree = "<group>"; };
		D0F3818C21CC67B700662A11 /* MLColorPallet.swift */ = {isa = PBXFileReference; lastKnownFileType = sourcecode.swift; path = MLColorPallet.swift; sourceTree = "<group>"; };
		D0F3818E21CC681A00662A11 /* UIColor+Hex.swift */ = {isa = PBXFileReference; fileEncoding = 4; lastKnownFileType = sourcecode.swift; path = "UIColor+Hex.swift"; sourceTree = "<group>"; };
		D0F3819221CC68A500662A11 /* MLMath.swift */ = {isa = PBXFileReference; fileEncoding = 4; lastKnownFileType = sourcecode.swift; path = MLMath.swift; sourceTree = "<group>"; };
		D0F3819321CC68A500662A11 /* ClosureAttach.swift */ = {isa = PBXFileReference; fileEncoding = 4; lastKnownFileType = sourcecode.swift; path = ClosureAttach.swift; sourceTree = "<group>"; };
		D0F3819621CC697600662A11 /* UIControl+addAction.swift */ = {isa = PBXFileReference; fileEncoding = 4; lastKnownFileType = sourcecode.swift; path = "UIControl+addAction.swift"; sourceTree = "<group>"; };
		D0F3823621CFAE6B00662A11 /* MLSizes.swift */ = {isa = PBXFileReference; lastKnownFileType = sourcecode.swift; path = MLSizes.swift; sourceTree = "<group>"; };
		D0F3823C21CFB34700662A11 /* MLViewConfiguration.swift */ = {isa = PBXFileReference; lastKnownFileType = sourcecode.swift; path = MLViewConfiguration.swift; sourceTree = "<group>"; };
		D0F3824221CFB54300662A11 /* UIView+constraint.swift */ = {isa = PBXFileReference; fileEncoding = 4; lastKnownFileType = sourcecode.swift; path = "UIView+constraint.swift"; sourceTree = "<group>"; };
		D0F3824721CFB55200662A11 /* AutoLayout+Extensions.swift */ = {isa = PBXFileReference; fileEncoding = 4; lastKnownFileType = sourcecode.swift; path = "AutoLayout+Extensions.swift"; sourceTree = "<group>"; };
		D0F3824C21CFB57E00662A11 /* String+heightWithConstrainedWidth.swift */ = {isa = PBXFileReference; fileEncoding = 4; lastKnownFileType = sourcecode.swift; path = "String+heightWithConstrainedWidth.swift"; sourceTree = "<group>"; };
		D0F3825121CFB58D00662A11 /* UIView+tapGesture.swift */ = {isa = PBXFileReference; fileEncoding = 4; lastKnownFileType = sourcecode.swift; path = "UIView+tapGesture.swift"; sourceTree = "<group>"; };
		D0F3825621CFB5A300662A11 /* String+Extensions.swift */ = {isa = PBXFileReference; fileEncoding = 4; lastKnownFileType = sourcecode.swift; path = "String+Extensions.swift"; sourceTree = "<group>"; };
		D0F3825B21CFB5AC00662A11 /* String+toCamelCase.swift */ = {isa = PBXFileReference; fileEncoding = 4; lastKnownFileType = sourcecode.swift; path = "String+toCamelCase.swift"; sourceTree = "<group>"; };
		D0F3826021CFB5B400662A11 /* String+Character.swift */ = {isa = PBXFileReference; fileEncoding = 4; lastKnownFileType = sourcecode.swift; path = "String+Character.swift"; sourceTree = "<group>"; };
/* End PBXFileReference section */

/* Begin PBXFrameworksBuildPhase section */
		3549BB1D1DA389CD00C63030 /* Frameworks */ = {
			isa = PBXFrameworksBuildPhase;
			buildActionMask = 2147483647;
			files = (
			);
			runOnlyForDeploymentPostprocessing = 0;
		};
		3549BB5E1DA38ADB00C63030 /* Frameworks */ = {
			isa = PBXFrameworksBuildPhase;
			buildActionMask = 2147483647;
			files = (
				3549BB661DA38ADB00C63030 /* MLBootstrap.framework in Frameworks */,
			);
			runOnlyForDeploymentPostprocessing = 0;
		};
/* End PBXFrameworksBuildPhase section */

/* Begin PBXGroup section */
		3549BAFB1DA387DB00C63030 = {
			isa = PBXGroup;
			children = (
				D07CC9BD231AA1A200BF1B2F /* MLBootstrapBinary.json */,
				3549BB161DA3890B00C63030 /* Sources */,
				3549BB191DA3890B00C63030 /* Tests */,
				3549BB061DA387DB00C63030 /* Products */,
				357D954B1DA3F2B400AEC55F /* Frameworks */,
			);
			sourceTree = "<group>";
		};
		3549BB061DA387DB00C63030 /* Products */ = {
			isa = PBXGroup;
			children = (
				3549BB211DA389CD00C63030 /* MLBootstrap.framework */,
				3549BB611DA38ADB00C63030 /* MLBootstrapTests-iOS.xctest */,
			);
			name = Products;
			sourceTree = "<group>";
		};
		3549BB161DA3890B00C63030 /* Sources */ = {
			isa = PBXGroup;
			children = (
				D0F3826621CFC30200662A11 /* Resources */,
				359649011FB18CBF00FC7ADC /* Core */,
				3549BB541DA38A4000C63030 /* Supporting Files */,
			);
			path = Sources;
			sourceTree = "<group>";
		};
		3549BB191DA3890B00C63030 /* Tests */ = {
			isa = PBXGroup;
			children = (
				3549BB8A1DA38C0A00C63030 /* MLBootstrapSpec.swift */,
				3549BB5B1DA38A8C00C63030 /* Supporting Files */,
				D0B3AB852341436E00BF4489 /* StringExtensionsTest.swift */,
			);
			path = Tests;
			sourceTree = "<group>";
		};
		3549BB541DA38A4000C63030 /* Supporting Files */ = {
			isa = PBXGroup;
			children = (
				3549BB181DA3890B00C63030 /* MLBootstrap.h */,
				3549BB171DA3890B00C63030 /* Info.plist */,
			);
			name = "Supporting Files";
			sourceTree = "<group>";
		};
		3549BB5B1DA38A8C00C63030 /* Supporting Files */ = {
			isa = PBXGroup;
			children = (
				3549BB581DA38A8800C63030 /* Info.plist */,
			);
			name = "Supporting Files";
			sourceTree = "<group>";
		};
		357D954B1DA3F2B400AEC55F /* Frameworks */ = {
			isa = PBXGroup;
			children = (
			);
			name = Frameworks;
			sourceTree = "<group>";
		};
		359649011FB18CBF00FC7ADC /* Core */ = {
			isa = PBXGroup;
			children = (
				D0F3824121CFB53900662A11 /* Layout */,
				D0F3823B21CFB1ED00662A11 /* Components */,
				D0F3819821CC6F0800662A11 /* Skins */,
				D0F3819021CC682300662A11 /* Extensions */,
				D0F3819121CC686D00662A11 /* Utils */,
				359649021FB18CBF00FC7ADC /* MLBootstrap.swift */,
			);
			path = Core;
			sourceTree = "<group>";
		};
		D01FD24E2339A9D300B8BBD6 /* Formatter */ = {
			isa = PBXGroup;
			children = (
				D01FD24F2339A9E800B8BBD6 /* CustomFormatter.swift */,
				D01FD2512339AA2200B8BBD6 /* GeneralFormatter.swift */,
				D01FD2532339AA5100B8BBD6 /* PhoneFormatter.swift */,
				D0B3AB5D23402BB500BF4489 /* ZipCodeFormatter.swift */,
				D0B3AB5F23402C7800BF4489 /* NoRuleFormatter.swift */,
				D0B3AB6123402CA300BF4489 /* CPFFormatter.swift */,
				D0B3AB6323402CC700BF4489 /* CNPJFormatter.swift */,
				D0B3AB6523402CE700BF4489 /* BirthdayFormatter.swift */,
			);
			path = Formatter;
			sourceTree = "<group>";
		};
		D0B3AB9F2342CEC300BF4489 /* MLQuestionCheck */ = {
			isa = PBXGroup;
			children = (
				D0B3ABA02342CEDF00BF4489 /* MLQuestionCheck.swift */,
				D0B3ABA22342CF0100BF4489 /* MLQuestionCheckButton.swift */,
			);
			path = MLQuestionCheck;
			sourceTree = "<group>";
		};
		D0F3819021CC682300662A11 /* Extensions */ = {
			isa = PBXGroup;
			children = (
				D0F3826521CFB5BF00662A11 /* String */,
				D0F3818E21CC681A00662A11 /* UIColor+Hex.swift */,
				D0F3819621CC697600662A11 /* UIControl+addAction.swift */,
				D0F3825121CFB58D00662A11 /* UIView+tapGesture.swift */,
				D023A907235CA12C00C5A2F3 /* Date+Extension.swift */,
				D023A909235CA18E00C5A2F3 /* Formatter+Extension.swift */,
				D023A90B235CA23500C5A2F3 /* JSON+Extension.swift */,
			);
			path = Extensions;
			sourceTree = "<group>";
		};
		D0F3819121CC686D00662A11 /* Utils */ = {
			isa = PBXGroup;
			children = (
				D01FD24E2339A9D300B8BBD6 /* Formatter */,
				D0F3819321CC68A500662A11 /* ClosureAttach.swift */,
				D0F3819221CC68A500662A11 /* MLMath.swift */,
				D0B862E822FA6FDA002E9FB4 /* DateUtils.swift */,
				D0B862EA22FA7063002E9FB4 /* RuntimeUtils.swift */,
				D0B862EC22FA70B9002E9FB4 /* DevUtils.swift */,
			);
			path = Utils;
			sourceTree = "<group>";
		};
		D0F3819821CC6F0800662A11 /* Skins */ = {
			isa = PBXGroup;
			children = (
				D0F3818A21CC652100662A11 /* MLBootstrapSkin.swift */,
				D0F3818C21CC67B700662A11 /* MLColorPallet.swift */,
				D0B862EE22FA70F3002E9FB4 /* MLImages.swift */,
				D0F3823621CFAE6B00662A11 /* MLSizes.swift */,
			);
			path = Skins;
			sourceTree = "<group>";
		};
		D0F3823B21CFB1ED00662A11 /* Components */ = {
			isa = PBXGroup;
			children = (
				D0B3AB9F2342CEC300BF4489 /* MLQuestionCheck */,
				D0F3818621CC5F7300662A11 /* MLButton.swift */,
				D0B3AB87234148C100BF4489 /* MLDatePickerField.swift */,
				D0F3818821CC60BB00662A11 /* MLField.swift */,
				D0F3818421CC5DB100662A11 /* MLLabel.swift */,
				D0B3AB8A2341583400BF4489 /* MLPickerField.swift */,
				D09102FB2308BE5800EC5D45 /* MLSimpleButton.swift */,
				D0F3823C21CFB34700662A11 /* MLViewConfiguration.swift */,
				D03C55A9237D014E00915A22 /* MLStackLabel.swift */,
				D0A4FE1623BEC65D00962A4B /* MLImagePicker.swift */,
			);
			path = Components;
			sourceTree = "<group>";
		};
		D0F3824121CFB53900662A11 /* Layout */ = {
			isa = PBXGroup;
			children = (
				D0F3824721CFB55200662A11 /* AutoLayout+Extensions.swift */,
				D0F3824221CFB54300662A11 /* UIView+constraint.swift */,
			);
			path = Layout;
			sourceTree = "<group>";
		};
		D0F3826521CFB5BF00662A11 /* String */ = {
			isa = PBXGroup;
			children = (
				D0348371233D93F600A1577F /* NSMutableAttributedString+HTML.swift */,
				D0F3826021CFB5B400662A11 /* String+Character.swift */,
				D0F3825621CFB5A300662A11 /* String+Extensions.swift */,
				D0F3824C21CFB57E00662A11 /* String+heightWithConstrainedWidth.swift */,
				D0B3AB80234142A900BF4489 /* String+InverseDate.swift */,
				D034836F233D929200A1577F /* String+SimpleHTML.swift */,
				D0F3825B21CFB5AC00662A11 /* String+toCamelCase.swift */,
			);
			path = String;
			sourceTree = "<group>";
		};
		D0F3826621CFC30200662A11 /* Resources */ = {
			isa = PBXGroup;
			children = (
			);
			path = Resources;
			sourceTree = "<group>";
		};
/* End PBXGroup section */

/* Begin PBXHeadersBuildPhase section */
		3549BB1E1DA389CD00C63030 /* Headers */ = {
			isa = PBXHeadersBuildPhase;
			buildActionMask = 2147483647;
			files = (
				3549BB501DA38A2000C63030 /* MLBootstrap.h in Headers */,
			);
			runOnlyForDeploymentPostprocessing = 0;
		};
/* End PBXHeadersBuildPhase section */

/* Begin PBXNativeTarget section */
		3549BB201DA389CD00C63030 /* MLBootstrap-iOS */ = {
			isa = PBXNativeTarget;
			buildConfigurationList = 3549BB261DA389CD00C63030 /* Build configuration list for PBXNativeTarget "MLBootstrap-iOS" */;
			buildPhases = (
				3549BB1C1DA389CD00C63030 /* Sources */,
				3549BB1D1DA389CD00C63030 /* Frameworks */,
				3549BB1E1DA389CD00C63030 /* Headers */,
				3549BB1F1DA389CD00C63030 /* Resources */,
				D07D31CC22FF1A97004403D5 /* Run Script - Linter */,
			);
			buildRules = (
			);
			dependencies = (
			);
			name = "MLBootstrap-iOS";
			productName = "MLBootstrap-iOS";
			productReference = 3549BB211DA389CD00C63030 /* MLBootstrap.framework */;
			productType = "com.apple.product-type.framework";
		};
		3549BB601DA38ADB00C63030 /* MLBootstrapTests-iOS */ = {
			isa = PBXNativeTarget;
			buildConfigurationList = 3549BB691DA38ADB00C63030 /* Build configuration list for PBXNativeTarget "MLBootstrapTests-iOS" */;
			buildPhases = (
				3549BB5D1DA38ADB00C63030 /* Sources */,
				3549BB5E1DA38ADB00C63030 /* Frameworks */,
				3549BB5F1DA38ADB00C63030 /* Resources */,
				35B7422C1F82A2C700829B21 /* Embed Frameworks */,
			);
			buildRules = (
			);
			dependencies = (
				3549BB681DA38ADB00C63030 /* PBXTargetDependency */,
			);
			name = "MLBootstrapTests-iOS";
			productName = "MLBootstrapTests-iOS";
			productReference = 3549BB611DA38ADB00C63030 /* MLBootstrapTests-iOS.xctest */;
			productType = "com.apple.product-type.bundle.unit-test";
		};
/* End PBXNativeTarget section */

/* Begin PBXProject section */
		3549BAFC1DA387DB00C63030 /* Project object */ = {
			isa = PBXProject;
			attributes = {
				LastSwiftUpdateCheck = 1100;
				LastUpgradeCheck = 1030;
				ORGANIZATIONNAME = micheltlutz;
				TargetAttributes = {
					3549BB201DA389CD00C63030 = {
						CreatedOnToolsVersion = 8.0;
						LastSwiftMigration = "";
						ProvisioningStyle = Automatic;
					};
					3549BB601DA38ADB00C63030 = {
						CreatedOnToolsVersion = 8.0;
						LastSwiftMigration = "";
						ProvisioningStyle = Automatic;
					};
				};
			};
			buildConfigurationList = 3549BAFF1DA387DB00C63030 /* Build configuration list for PBXProject "MLBootstrap" */;
			compatibilityVersion = "Xcode 3.2";
			developmentRegion = en;
			hasScannedForEncodings = 0;
			knownRegions = (
				en,
				Base,
			);
			mainGroup = 3549BAFB1DA387DB00C63030;
			productRefGroup = 3549BB061DA387DB00C63030 /* Products */;
			projectDirPath = "";
			projectRoot = "";
			targets = (
				3549BB201DA389CD00C63030 /* MLBootstrap-iOS */,
				3549BB601DA38ADB00C63030 /* MLBootstrapTests-iOS */,
			);
		};
/* End PBXProject section */

/* Begin PBXResourcesBuildPhase section */
		3549BB1F1DA389CD00C63030 /* Resources */ = {
			isa = PBXResourcesBuildPhase;
			buildActionMask = 2147483647;
			files = (
			);
			runOnlyForDeploymentPostprocessing = 0;
		};
		3549BB5F1DA38ADB00C63030 /* Resources */ = {
			isa = PBXResourcesBuildPhase;
			buildActionMask = 2147483647;
			files = (
			);
			runOnlyForDeploymentPostprocessing = 0;
		};
/* End PBXResourcesBuildPhase section */

/* Begin PBXShellScriptBuildPhase section */
		D07D31CC22FF1A97004403D5 /* Run Script - Linter */ = {
			isa = PBXShellScriptBuildPhase;
			buildActionMask = 2147483647;
			files = (
			);
			inputFileListPaths = (
			);
			inputPaths = (
			);
			name = "Run Script - Linter";
			outputFileListPaths = (
			);
			outputPaths = (
			);
			runOnlyForDeploymentPostprocessing = 0;
			shellPath = /bin/sh;
			shellScript = "if which swiftlint >/dev/null; then\nswiftlint\nelse\necho \"warning: SwiftLint not installed, download from https://github.com/realm/SwiftLint\"\nfi\n";
		};
/* End PBXShellScriptBuildPhase section */

/* Begin PBXSourcesBuildPhase section */
		3549BB1C1DA389CD00C63030 /* Sources */ = {
			isa = PBXSourcesBuildPhase;
			buildActionMask = 2147483647;
			files = (
				D0B862EB22FA7063002E9FB4 /* RuntimeUtils.swift in Sources */,
				D0B862E922FA6FDA002E9FB4 /* DateUtils.swift in Sources */,
				D0B862ED22FA70B9002E9FB4 /* DevUtils.swift in Sources */,
				D0B3AB6623402CE700BF4489 /* BirthdayFormatter.swift in Sources */,
				D0B3AB81234142A900BF4489 /* String+InverseDate.swift in Sources */,
				D023A908235CA12C00C5A2F3 /* Date+Extension.swift in Sources */,
				D0B3AB6023402C7800BF4489 /* NoRuleFormatter.swift in Sources */,
				D0B3AB5E23402BB500BF4489 /* ZipCodeFormatter.swift in Sources */,
				D0348372233D93F600A1577F /* NSMutableAttributedString+HTML.swift in Sources */,
				D0348370233D929200A1577F /* String+SimpleHTML.swift in Sources */,
				D01FD2502339A9E800B8BBD6 /* CustomFormatter.swift in Sources */,
				D0B862EF22FA70F3002E9FB4 /* MLImages.swift in Sources */,
				D01FD2542339AA5100B8BBD6 /* PhoneFormatter.swift in Sources */,
				D0F3818F21CC681A00662A11 /* UIColor+Hex.swift in Sources */,
				D0B3AB8B2341583400BF4489 /* MLPickerField.swift in Sources */,
				D0F3824321CFB54300662A11 /* UIView+constraint.swift in Sources */,
				D0F3819721CC697600662A11 /* UIControl+addAction.swift in Sources */,
				D0F3824D21CFB57E00662A11 /* String+heightWithConstrainedWidth.swift in Sources */,
				D023A90A235CA18E00C5A2F3 /* Formatter+Extension.swift in Sources */,
				D0F3825721CFB5A300662A11 /* String+Extensions.swift in Sources */,
				D0B3AB6423402CC700BF4489 /* CNPJFormatter.swift in Sources */,
				D03C55AA237D014E00915A22 /* MLStackLabel.swift in Sources */,
				D0F3823D21CFB34700662A11 /* MLViewConfiguration.swift in Sources */,
				D09102FC2308BE5800EC5D45 /* MLSimpleButton.swift in Sources */,
				D0F3818D21CC67B700662A11 /* MLColorPallet.swift in Sources */,
				D0F3825C21CFB5AC00662A11 /* String+toCamelCase.swift in Sources */,
				D0F3818721CC5F7300662A11 /* MLButton.swift in Sources */,
				D0F3818921CC60BB00662A11 /* MLField.swift in Sources */,
				D0A4FE1723BEC65D00962A4B /* MLImagePicker.swift in Sources */,
				D0F3824821CFB55300662A11 /* AutoLayout+Extensions.swift in Sources */,
				D0F3818B21CC652100662A11 /* MLBootstrapSkin.swift in Sources */,
				D0B3ABA12342CEDF00BF4489 /* MLQuestionCheck.swift in Sources */,
				359649031FB18CC000FC7ADC /* MLBootstrap.swift in Sources */,
				D0B3AB88234148C100BF4489 /* MLDatePickerField.swift in Sources */,
				D0B3ABA32342CF0100BF4489 /* MLQuestionCheckButton.swift in Sources */,
				D0F3818521CC5DB100662A11 /* MLLabel.swift in Sources */,
				D0F3819421CC68A500662A11 /* MLMath.swift in Sources */,
				D0B3AB6223402CA300BF4489 /* CPFFormatter.swift in Sources */,
				D0F3826121CFB5B400662A11 /* String+Character.swift in Sources */,
				D023A90C235CA23500C5A2F3 /* JSON+Extension.swift in Sources */,
				D01FD2522339AA2200B8BBD6 /* GeneralFormatter.swift in Sources */,
				D0F3819521CC68A500662A11 /* ClosureAttach.swift in Sources */,
				D0F3825221CFB58E00662A11 /* UIView+tapGesture.swift in Sources */,
				D0F3823721CFAE6B00662A11 /* MLSizes.swift in Sources */,
			);
			runOnlyForDeploymentPostprocessing = 0;
		};
		3549BB5D1DA38ADB00C63030 /* Sources */ = {
			isa = PBXSourcesBuildPhase;
			buildActionMask = 2147483647;
			files = (
				D0B3AB862341436E00BF4489 /* StringExtensionsTest.swift in Sources */,
				3549BB8B1DA38C0A00C63030 /* MLBootstrapSpec.swift in Sources */,
			);
			runOnlyForDeploymentPostprocessing = 0;
		};
/* End PBXSourcesBuildPhase section */

/* Begin PBXTargetDependency section */
		3549BB681DA38ADB00C63030 /* PBXTargetDependency */ = {
			isa = PBXTargetDependency;
			target = 3549BB201DA389CD00C63030 /* MLBootstrap-iOS */;
			targetProxy = 3549BB671DA38ADB00C63030 /* PBXContainerItemProxy */;
		};
/* End PBXTargetDependency section */

/* Begin XCBuildConfiguration section */
		3549BB0B1DA387DB00C63030 /* Debug */ = {
			isa = XCBuildConfiguration;
			buildSettings = {
				ALWAYS_SEARCH_USER_PATHS = NO;
				CLANG_ANALYZER_LOCALIZABILITY_NONLOCALIZED = YES;
				CLANG_ANALYZER_NONNULL = YES;
				CLANG_CXX_LANGUAGE_STANDARD = "gnu++0x";
				CLANG_CXX_LIBRARY = "libc++";
				CLANG_ENABLE_MODULES = YES;
				CLANG_ENABLE_OBJC_ARC = YES;
				CLANG_WARN_BLOCK_CAPTURE_AUTORELEASING = YES;
				CLANG_WARN_BOOL_CONVERSION = YES;
				CLANG_WARN_COMMA = YES;
				CLANG_WARN_CONSTANT_CONVERSION = YES;
				CLANG_WARN_DEPRECATED_OBJC_IMPLEMENTATIONS = YES;
				CLANG_WARN_DIRECT_OBJC_ISA_USAGE = YES_ERROR;
				CLANG_WARN_DOCUMENTATION_COMMENTS = YES;
				CLANG_WARN_EMPTY_BODY = YES;
				CLANG_WARN_ENUM_CONVERSION = YES;
				CLANG_WARN_INFINITE_RECURSION = YES;
				CLANG_WARN_INT_CONVERSION = YES;
				CLANG_WARN_NON_LITERAL_NULL_CONVERSION = YES;
				CLANG_WARN_OBJC_IMPLICIT_RETAIN_SELF = YES;
				CLANG_WARN_OBJC_LITERAL_CONVERSION = YES;
				CLANG_WARN_OBJC_ROOT_CLASS = YES_ERROR;
				CLANG_WARN_RANGE_LOOP_ANALYSIS = YES;
				CLANG_WARN_STRICT_PROTOTYPES = YES;
				CLANG_WARN_SUSPICIOUS_MOVE = YES;
				CLANG_WARN_SUSPICIOUS_MOVES = YES;
				CLANG_WARN_UNREACHABLE_CODE = YES;
				CLANG_WARN__DUPLICATE_METHOD_MATCH = YES;
				COPY_PHASE_STRIP = NO;
				CURRENT_PROJECT_VERSION = 1;
				DEBUG_INFORMATION_FORMAT = dwarf;
				ENABLE_STRICT_OBJC_MSGSEND = YES;
				ENABLE_TESTABILITY = YES;
				GCC_C_LANGUAGE_STANDARD = gnu99;
				GCC_DYNAMIC_NO_PIC = NO;
				GCC_NO_COMMON_BLOCKS = YES;
				GCC_OPTIMIZATION_LEVEL = 0;
				GCC_PREPROCESSOR_DEFINITIONS = (
					"DEBUG=1",
					"$(inherited)",
				);
				GCC_WARN_64_TO_32_BIT_CONVERSION = YES;
				GCC_WARN_ABOUT_RETURN_TYPE = YES_ERROR;
				GCC_WARN_UNDECLARED_SELECTOR = YES;
				GCC_WARN_UNINITIALIZED_AUTOS = YES_AGGRESSIVE;
				GCC_WARN_UNUSED_FUNCTION = YES;
				GCC_WARN_UNUSED_VARIABLE = YES;
				IPHONEOS_DEPLOYMENT_TARGET = 11.0;
				MTL_ENABLE_DEBUG_INFO = YES;
				ONLY_ACTIVE_ARCH = YES;
				SDKROOT = iphoneos;
				SWIFT_ACTIVE_COMPILATION_CONDITIONS = DEBUG;
				SWIFT_OPTIMIZATION_LEVEL = "-Onone";
				SWIFT_SWIFT3_OBJC_INFERENCE = On;
				SWIFT_VERSION = 5.0;
				TARGETED_DEVICE_FAMILY = "1,2";
				VERSIONING_SYSTEM = "apple-generic";
				VERSION_INFO_PREFIX = "";
			};
			name = Debug;
		};
		3549BB0C1DA387DB00C63030 /* Release */ = {
			isa = XCBuildConfiguration;
			buildSettings = {
				ALWAYS_SEARCH_USER_PATHS = NO;
				CLANG_ANALYZER_LOCALIZABILITY_NONLOCALIZED = YES;
				CLANG_ANALYZER_NONNULL = YES;
				CLANG_CXX_LANGUAGE_STANDARD = "gnu++0x";
				CLANG_CXX_LIBRARY = "libc++";
				CLANG_ENABLE_MODULES = YES;
				CLANG_ENABLE_OBJC_ARC = YES;
				CLANG_WARN_BLOCK_CAPTURE_AUTORELEASING = YES;
				CLANG_WARN_BOOL_CONVERSION = YES;
				CLANG_WARN_COMMA = YES;
				CLANG_WARN_CONSTANT_CONVERSION = YES;
				CLANG_WARN_DEPRECATED_OBJC_IMPLEMENTATIONS = YES;
				CLANG_WARN_DIRECT_OBJC_ISA_USAGE = YES_ERROR;
				CLANG_WARN_DOCUMENTATION_COMMENTS = YES;
				CLANG_WARN_EMPTY_BODY = YES;
				CLANG_WARN_ENUM_CONVERSION = YES;
				CLANG_WARN_INFINITE_RECURSION = YES;
				CLANG_WARN_INT_CONVERSION = YES;
				CLANG_WARN_NON_LITERAL_NULL_CONVERSION = YES;
				CLANG_WARN_OBJC_IMPLICIT_RETAIN_SELF = YES;
				CLANG_WARN_OBJC_LITERAL_CONVERSION = YES;
				CLANG_WARN_OBJC_ROOT_CLASS = YES_ERROR;
				CLANG_WARN_RANGE_LOOP_ANALYSIS = YES;
				CLANG_WARN_STRICT_PROTOTYPES = YES;
				CLANG_WARN_SUSPICIOUS_MOVE = YES;
				CLANG_WARN_SUSPICIOUS_MOVES = YES;
				CLANG_WARN_UNREACHABLE_CODE = YES;
				CLANG_WARN__DUPLICATE_METHOD_MATCH = YES;
				COPY_PHASE_STRIP = NO;
				CURRENT_PROJECT_VERSION = 1;
				DEBUG_INFORMATION_FORMAT = "dwarf-with-dsym";
				ENABLE_NS_ASSERTIONS = NO;
				ENABLE_STRICT_OBJC_MSGSEND = YES;
				GCC_C_LANGUAGE_STANDARD = gnu99;
				GCC_NO_COMMON_BLOCKS = YES;
				GCC_WARN_64_TO_32_BIT_CONVERSION = YES;
				GCC_WARN_ABOUT_RETURN_TYPE = YES_ERROR;
				GCC_WARN_UNDECLARED_SELECTOR = YES;
				GCC_WARN_UNINITIALIZED_AUTOS = YES_AGGRESSIVE;
				GCC_WARN_UNUSED_FUNCTION = YES;
				GCC_WARN_UNUSED_VARIABLE = YES;
				IPHONEOS_DEPLOYMENT_TARGET = 11.0;
				MTL_ENABLE_DEBUG_INFO = NO;
				SDKROOT = iphoneos;
				SWIFT_OPTIMIZATION_LEVEL = "-Owholemodule";
				SWIFT_SWIFT3_OBJC_INFERENCE = On;
				SWIFT_VERSION = 5.0;
				TARGETED_DEVICE_FAMILY = "1,2";
				VALIDATE_PRODUCT = YES;
				VERSIONING_SYSTEM = "apple-generic";
				VERSION_INFO_PREFIX = "";
			};
			name = Release;
		};
		3549BB271DA389CD00C63030 /* Debug */ = {
			isa = XCBuildConfiguration;
			buildSettings = {
				CLANG_ENABLE_MODULES = YES;
				DEFINES_MODULE = YES;
				DYLIB_COMPATIBILITY_VERSION = 1;
				DYLIB_CURRENT_VERSION = 1;
				DYLIB_INSTALL_NAME_BASE = "@rpath";
				FRAMEWORK_SEARCH_PATHS = "$(inherited)";
				INFOPLIST_FILE = Sources/Info.plist;
				INSTALL_PATH = "$(LOCAL_LIBRARY_DIR)/Frameworks";
				IPHONEOS_DEPLOYMENT_TARGET = 11.0;
				LD_RUNPATH_SEARCH_PATHS = "$(inherited) @executable_path/Frameworks @loader_path/Frameworks";
				MARKETING_VERSION = 1.10.0;
				PRODUCT_BUNDLE_IDENTIFIER = me.micheltlutz.MLBootstrap;
				PRODUCT_NAME = MLBootstrap;
				SKIP_INSTALL = YES;
				SWIFT_OPTIMIZATION_LEVEL = "-Onone";
				SWIFT_SWIFT3_OBJC_INFERENCE = Off;
				SWIFT_VERSION = 5.0;
			};
			name = Debug;
		};
		3549BB281DA389CD00C63030 /* Release */ = {
			isa = XCBuildConfiguration;
			buildSettings = {
				CLANG_ENABLE_MODULES = YES;
				DEFINES_MODULE = YES;
				DYLIB_COMPATIBILITY_VERSION = 1;
				DYLIB_CURRENT_VERSION = 1;
				DYLIB_INSTALL_NAME_BASE = "@rpath";
				FRAMEWORK_SEARCH_PATHS = "$(inherited)";
				INFOPLIST_FILE = Sources/Info.plist;
				INSTALL_PATH = "$(LOCAL_LIBRARY_DIR)/Frameworks";
				IPHONEOS_DEPLOYMENT_TARGET = 11.0;
				LD_RUNPATH_SEARCH_PATHS = "$(inherited) @executable_path/Frameworks @loader_path/Frameworks";
				MARKETING_VERSION = 1.10.0;
				PRODUCT_BUNDLE_IDENTIFIER = me.micheltlutz.MLBootstrap;
				PRODUCT_NAME = MLBootstrap;
				SKIP_INSTALL = YES;
				SWIFT_SWIFT3_OBJC_INFERENCE = Off;
				SWIFT_VERSION = 5.0;
			};
			name = Release;
		};
		3549BB6A1DA38ADB00C63030 /* Debug */ = {
			isa = XCBuildConfiguration;
			buildSettings = {
				ALWAYS_EMBED_SWIFT_STANDARD_LIBRARIES = YES;
				CLANG_ENABLE_MODULES = YES;
				INFOPLIST_FILE = Tests/Info.plist;
				LD_RUNPATH_SEARCH_PATHS = "$(inherited) @executable_path/Frameworks @loader_path/Frameworks";
				PRODUCT_BUNDLE_IDENTIFIER = me.micheltlutz.MLBootstrap.MLBootstrapTests;
				PRODUCT_NAME = "$(TARGET_NAME)";
				SWIFT_OPTIMIZATION_LEVEL = "-Onone";
				SWIFT_SWIFT3_OBJC_INFERENCE = Default;
				SWIFT_VERSION = 5.0;
			};
			name = Debug;
		};
		3549BB6B1DA38ADB00C63030 /* Release */ = {
			isa = XCBuildConfiguration;
			buildSettings = {
				ALWAYS_EMBED_SWIFT_STANDARD_LIBRARIES = YES;
				CLANG_ENABLE_MODULES = YES;
				INFOPLIST_FILE = Tests/Info.plist;
				LD_RUNPATH_SEARCH_PATHS = "$(inherited) @executable_path/Frameworks @loader_path/Frameworks";
				PRODUCT_BUNDLE_IDENTIFIER = me.micheltlutz.MLBootstrap.MLBootstrapTests;
				PRODUCT_NAME = "$(TARGET_NAME)";
				SWIFT_SWIFT3_OBJC_INFERENCE = Default;
				SWIFT_VERSION = 5.0;
			};
			name = Release;
		};
/* End XCBuildConfiguration section */

/* Begin XCConfigurationList section */
		3549BAFF1DA387DB00C63030 /* Build configuration list for PBXProject "MLBootstrap" */ = {
			isa = XCConfigurationList;
			buildConfigurations = (
				3549BB0B1DA387DB00C63030 /* Debug */,
				3549BB0C1DA387DB00C63030 /* Release */,
			);
			defaultConfigurationIsVisible = 0;
			defaultConfigurationName = Release;
		};
		3549BB261DA389CD00C63030 /* Build configuration list for PBXNativeTarget "MLBootstrap-iOS" */ = {
			isa = XCConfigurationList;
			buildConfigurations = (
				3549BB271DA389CD00C63030 /* Debug */,
				3549BB281DA389CD00C63030 /* Release */,
			);
			defaultConfigurationIsVisible = 0;
			defaultConfigurationName = Release;
		};
		3549BB691DA38ADB00C63030 /* Build configuration list for PBXNativeTarget "MLBootstrapTests-iOS" */ = {
			isa = XCConfigurationList;
			buildConfigurations = (
				3549BB6A1DA38ADB00C63030 /* Debug */,
				3549BB6B1DA38ADB00C63030 /* Release */,
			);
			defaultConfigurationIsVisible = 0;
			defaultConfigurationName = Release;
		};
/* End XCConfigurationList section */
	};
	rootObject = 3549BAFC1DA387DB00C63030 /* Project object */;
}
